GEM
  remote: https://rubygems.org/
  specs:
    abbrev (0.1.2)
    json (2.19.3)
    netrc (0.11.0)
    nkf (0.2.0)

PLATFORMS
  aarch64-linux-gnu
  aarch64-linux-musl
  arm-linux-gnu
  arm-linux-musl
  arm64-darwin
  ruby
  x86-linux-gnu
  x86-linux-musl
  x86_64-darwin
  x86_64-linux-gnu
  x86_64-linux-musl

DEPENDENCIES
  abbrev (= 0.1.2)
  json (= 2.19.3)
  netrc (= 0.11.0)
  nkf (= 0.2.0)

BUNDLED WITH
  4.0.10
