# @generated - this file is auto-generated by `mise lock` https://mise.jdx.dev/dev-tools/mise-lock.html

lockfile_version = 1

[[tools."gem:bundler"]]
version = "4.0.20"
backend = "gem:bundler"
specifiers = ["4.0.20"]

[[tools."gem:fastlane"]]
version = "2.237.0"
backend = "gem:fastlane"
specifiers = ["2.237.0"]

[[tools."gem:rubocop"]]
version = "1.90.0"
backend = "gem:rubocop"
specifiers = ["1.90.0"]

[[tools.hk]]
version = "1.58.1"
backend = "packslip:github.com/jdx/hk"
specifiers = ["1.58.1"]

[tools.hk."platforms.linux-arm64"]
checksum = "sha256:0972e05774ea3651fd521676c1bc6411333fe4404beb4a48067e10b54dfd1b4d"
url = "https://github.com/jdx/hk/releases/download/v1.58.1/hk-aarch64-unknown-linux-gnu.tar.gz"
url_api = "https://api.github.com/repos/jdx/hk/releases/assets/546232324"

[tools.hk."platforms.linux-arm64-musl"]
checksum = "sha256:a49cc7c21cf914c03fbda6289254bb704d424e91458afd91074f16921f9a5e84"
url = "https://github.com/jdx/hk/releases/download/v1.58.1/hk-aarch64-unknown-linux-musl.tar.gz"
url_api = "https://api.github.com/repos/jdx/hk/releases/assets/546232327"

[tools.hk."platforms.linux-x64"]
checksum = "sha256:8139133a70ed7cf1d4a0f2f19c26b1b68d714d81af91b2b1f42c4c524afc0fe5"
url = "https://github.com/jdx/hk/releases/download/v1.58.1/hk-x86_64-unknown-linux-gnu.tar.gz"
url_api = "https://api.github.com/repos/jdx/hk/releases/assets/546232333"

[tools.hk."platforms.linux-x64-musl"]
checksum = "sha256:df8a97c000d59756c14096a550d211d7346c41abf2a20d394aaa0d9bc9695ef5"
url = "https://github.com/jdx/hk/releases/download/v1.58.1/hk-x86_64-unknown-linux-musl.tar.gz"
url_api = "https://api.github.com/repos/jdx/hk/releases/assets/546232335"

[tools.hk."platforms.macos-arm64"]
checksum = "sha256:5529d95c63ea3ba9318f551e19760998a9ddf7ed926a14daf39dc46717ab32bf"
url = "https://github.com/jdx/hk/releases/download/v1.58.1/hk-aarch64-apple-darwin.tar.gz"
url_api = "https://api.github.com/repos/jdx/hk/releases/assets/546232326"

[tools.hk."platforms.windows-x64"]
checksum = "sha256:fb11cf7aa477f3f0546cf66a05ac9a8563322500e5766f63c011ffb97f5c708d"
url = "https://github.com/jdx/hk/releases/download/v1.58.1/hk-x86_64-pc-windows-msvc.zip"
url_api = "https://api.github.com/repos/jdx/hk/releases/assets/546232325"

[[tools.node]]
version = "24.20.0"
backend = "core:node"
specifiers = ["24.20.0"]

[tools.node."platforms.linux-arm64"]
checksum = "sha256:3515603e2487879a39bc75716f1a2affd027500c64ba50e845cf72cb33219013"
url = "https://nodejs.org/dist/v24.20.0/node-v24.20.0-linux-arm64.tar.gz"

[tools.node."platforms.linux-arm64-musl"]
checksum = "sha256:2c8c507ccb0f20812d9526ba8ca454b1652aadef68fc8bad06f07fb1122dd1ef"
url = "https://unofficial-builds.nodejs.org/download/release/v24.20.0/node-v24.20.0-linux-arm64-musl.tar.gz"

[tools.node."platforms.linux-x64"]
checksum = "sha256:855d581f8a4eb1a8117e3426de25fe02770592febcfb31369aee1ffbfee9e8ec"
url = "https://nodejs.org/dist/v24.20.0/node-v24.20.0-linux-x64.tar.gz"

[tools.node."platforms.linux-x64-musl"]
checksum = "sha256:9ae1399fef4bd8990e15773ce1327b336a20b9e97d8c7549f4f42ca73c43f562"
url = "https://unofficial-builds.nodejs.org/download/release/v24.20.0/node-v24.20.0-linux-x64-musl.tar.gz"

[tools.node."platforms.macos-arm64"]
checksum = "sha256:40e5607e5ecb3db9192723776da2d75d966260fc74a7a9e731c1bd67dda96bc8"
url = "https://nodejs.org/dist/v24.20.0/node-v24.20.0-darwin-arm64.tar.gz"

[tools.node."platforms.macos-x64"]
checksum = "sha256:9e5b2644cf107befb6aefca676b96d3296bc10138096f022ed378d6233ed81f4"
url = "https://nodejs.org/dist/v24.20.0/node-v24.20.0-darwin-x64.tar.gz"

[tools.node."platforms.windows-x64"]
checksum = "sha256:6cac9ffbca8f6a47091e4b5c772e0606049c3871cb67d900c0cedde630e545ba"
url = "https://nodejs.org/dist/v24.20.0/node-v24.20.0-win-x64.zip"

[[tools.pnpm]]
version = "12.3.2"
backend = "aqua:pnpm/pnpm"
specifiers = ["12.3.2"]

[tools.pnpm."platforms.linux-arm64"]
checksum = "sha256:48ec5973741ae04207e5e1a5253726ef2de1c5219dfce2e5894092cac565a740"
url = "https://github.com/pnpm/pnpm/releases/download/v12.3.2/pnpm-linux-arm64.tar.gz"
url_api = "https://api.github.com/repos/pnpm/pnpm/releases/assets/543536284"
provenance = "github-attestations"

[tools.pnpm."platforms.linux-arm64-musl"]
checksum = "sha256:f8217e648488c3997f21df3c0867ac2d4fd831ef693df352e523356bcfb098f5"
url = "https://github.com/pnpm/pnpm/releases/download/v12.3.2/pnpm-linux-arm64-musl.tar.gz"
url_api = "https://api.github.com/repos/pnpm/pnpm/releases/assets/543536281"
provenance = "github-attestations"

[tools.pnpm."platforms.linux-x64"]
checksum = "sha256:f3300f14b59da54fa2655d5399ac237a0a5d7e51f515c30cb9e4a893eda01555"
url = "https://github.com/pnpm/pnpm/releases/download/v12.3.2/pnpm-linux-x64.tar.gz"
url_api = "https://api.github.com/repos/pnpm/pnpm/releases/assets/543536283"
provenance = "github-attestations"

[tools.pnpm."platforms.linux-x64-musl"]
checksum = "sha256:63cb80c52268f75d480d3cf9c972656f6ebb0f6412e0e9faba88f5b46d3d3234"
url = "https://github.com/pnpm/pnpm/releases/download/v12.3.2/pnpm-linux-x64-musl.tar.gz"
url_api = "https://api.github.com/repos/pnpm/pnpm/releases/assets/543536286"
provenance = "github-attestations"

[tools.pnpm."platforms.macos-arm64"]
checksum = "sha256:170f4b055ab5412292d4b35958d25f4f5915c801a375ce2f54ac1c3810105c04"
url = "https://github.com/pnpm/pnpm/releases/download/v12.3.2/pnpm-darwin-arm64.tar.gz"
url_api = "https://api.github.com/repos/pnpm/pnpm/releases/assets/543536285"
provenance = "github-attestations"

[tools.pnpm."platforms.windows-x64"]
checksum = "sha256:8d4810214fdc38dbb3899144e9a955c213ece110acc9f77a40be851678791b63"
url = "https://github.com/pnpm/pnpm/releases/download/v12.3.2/pnpm-win32-x64.zip"
url_api = "https://api.github.com/repos/pnpm/pnpm/releases/assets/543536282"
provenance = "github-attestations"

[[tools.ruby]]
version = "3.4.10"
backend = "core:ruby"
specifiers = ["3.4.10"]

[tools.ruby."platforms.windows-x64"]
checksum = "sha256:89e3c5e235ac88b9b7e8daaf639eaaab74d7c470667354f6bf0f7432f3191ebb"
url = "https://github.com/oneclick/rubyinstaller2/releases/download/RubyInstaller-3.4.10-1/rubyinstaller-3.4.10-1-x64.7z"

[[tools.ruby]]
version = "3.4.10"
backend = "core:ruby"
specifiers = ["3.4.10"]

[tools.ruby.options]
compile = "false"
precompiled_url = "jdx/ruby"
ruby_build_repo = "https://github.com/rbenv/ruby-build.git"
ruby_install = "false"

[tools.ruby."platforms.linux-arm64"]
checksum = "sha256:c0a3e9f1d7847e66b044aeeab394ba5d41f63c3da7ad99017c4b2578e31b205a"
url = "https://github.com/jdx/ruby/releases/download/3.4.10-2/ruby-3.4.10.arm64_linux.tar.gz"
provenance = "github-attestations"

[tools.ruby."platforms.linux-arm64-musl"]
checksum = "sha256:ecee2d072a14f2d14347dd56dfd8fe5c3130abf5117bfaacbda0f4ef9cc429ec"
url = "https://cache.ruby-lang.org/pub/ruby/3.4/ruby-3.4.10.tar.gz"

[tools.ruby."platforms.linux-x64"]
checksum = "sha256:81ce58b056ee2765e46785b4c6befb9852d9c3e50ff9385e7eb1cf3e0314d0bd"
url = "https://github.com/jdx/ruby/releases/download/3.4.10-2/ruby-3.4.10.x86_64_linux.tar.gz"
provenance = "github-attestations"

[tools.ruby."platforms.linux-x64-musl"]
checksum = "sha256:ecee2d072a14f2d14347dd56dfd8fe5c3130abf5117bfaacbda0f4ef9cc429ec"
url = "https://cache.ruby-lang.org/pub/ruby/3.4/ruby-3.4.10.tar.gz"

[tools.ruby."platforms.macos-arm64"]
checksum = "sha256:5aac8b6e16b0938a14f6d23346b5487020d1fea6b5856a33392e5eb37fa1ef62"
url = "https://github.com/jdx/ruby/releases/download/3.4.10-2/ruby-3.4.10.macos.tar.gz"
provenance = "github-attestations"

[tools.ruby."platforms.macos-x64"]
checksum = "sha256:ecee2d072a14f2d14347dd56dfd8fe5c3130abf5117bfaacbda0f4ef9cc429ec"
url = "https://cache.ruby-lang.org/pub/ruby/3.4/ruby-3.4.10.tar.gz"

[[tools.sentry]]
version = "3.7.0"
backend = "aqua:getsentry/sentry-cli"
specifiers = ["3.7.0"]

[tools.sentry."platforms.linux-arm64"]
checksum = "sha256:69cc0e951f663a332fd3bb3069e443cb3748abbfce497ae2caac6d5a9ec7ae65"
url = "https://github.com/getsentry/sentry-cli/releases/download/3.7.0/sentry-cli-Linux-aarch64"
url_api = "https://api.github.com/repos/getsentry/sentry-cli/releases/assets/533547545"

[tools.sentry."platforms.linux-arm64-musl"]
checksum = "sha256:69cc0e951f663a332fd3bb3069e443cb3748abbfce497ae2caac6d5a9ec7ae65"
url = "https://github.com/getsentry/sentry-cli/releases/download/3.7.0/sentry-cli-Linux-aarch64"
url_api = "https://api.github.com/repos/getsentry/sentry-cli/releases/assets/533547545"

[tools.sentry."platforms.linux-x64"]
checksum = "sha256:cec71d46a7cc394c94b6e75f1601985c710d457376c546ef3975567b3671563b"
url = "https://github.com/getsentry/sentry-cli/releases/download/3.7.0/sentry-cli-Linux-x86_64"
url_api = "https://api.github.com/repos/getsentry/sentry-cli/releases/assets/533547553"

[tools.sentry."platforms.linux-x64-musl"]
checksum = "sha256:cec71d46a7cc394c94b6e75f1601985c710d457376c546ef3975567b3671563b"
url = "https://github.com/getsentry/sentry-cli/releases/download/3.7.0/sentry-cli-Linux-x86_64"
url_api = "https://api.github.com/repos/getsentry/sentry-cli/releases/assets/533547553"

[tools.sentry."platforms.macos-arm64"]
checksum = "sha256:c66564094fbe56ee3b359f7574541f858b8d1df0328a0a759da972fbf1886048"
url = "https://github.com/getsentry/sentry-cli/releases/download/3.7.0/sentry-cli-Darwin-arm64"
url_api = "https://api.github.com/repos/getsentry/sentry-cli/releases/assets/533547542"

[tools.sentry."platforms.macos-x64"]
checksum = "sha256:fcd74786b4d95c6b7531662607897aadd5ab5d64c5d0468a6f4bd97ad04bedb8"
url = "https://github.com/getsentry/sentry-cli/releases/download/3.7.0/sentry-cli-Darwin-x86_64"
url_api = "https://api.github.com/repos/getsentry/sentry-cli/releases/assets/533547551"

[tools.sentry."platforms.windows-x64"]
checksum = "sha256:8643986aec8d8cf8d69cd476d67427578e5dbbda378eba506d199681082abe5a"
url = "https://github.com/getsentry/sentry-cli/releases/download/3.7.0/sentry-cli-Windows-x86_64.exe"
url_api = "https://api.github.com/repos/getsentry/sentry-cli/releases/assets/533547552"
