# @generated - this file is auto-generated by `mise lock` https://mise.jdx.dev/dev-tools/mise-lock.html

[[tools.cocoapods]]
version = "1.17.0"
backend = "gem:cocoapods"

[[tools."gem:bundler"]]
version = "4.0.19"
backend = "gem:bundler"

[[tools."gem:fastlane"]]
version = "2.237.0"
backend = "gem:fastlane"

[[tools."gem:rubocop"]]
version = "1.90.0"
backend = "gem:rubocop"

[[tools.hk]]
version = "1.56.1"
backend = "aqua:jdx/hk"

[tools.hk."platforms.linux-arm64"]
checksum = "sha256:cd671706a273dac35b012fd585a0fba1b0c0f340558dccfd4c9a4b976a794597"
url = "https://github.com/jdx/hk/releases/download/v1.56.1/hk-aarch64-unknown-linux-gnu.tar.gz"
url_api = "https://api.github.com/repos/jdx/hk/releases/assets/525632120"

[tools.hk."platforms.linux-arm64-musl"]
checksum = "sha256:5feac3cfcdae33227197d0104832b91a5d293733320632c3c19f864866a6c8ce"
url = "https://github.com/jdx/hk/releases/download/v1.56.1/hk-aarch64-unknown-linux-musl.tar.gz"
url_api = "https://api.github.com/repos/jdx/hk/releases/assets/525632119"

[tools.hk."platforms.linux-x64"]
checksum = "sha256:67157431e36bb523213d8361a9f59b6eb718f80ae8534827849552b3c6c92a04"
url = "https://github.com/jdx/hk/releases/download/v1.56.1/hk-x86_64-unknown-linux-gnu.tar.gz"
url_api = "https://api.github.com/repos/jdx/hk/releases/assets/525632131"

[tools.hk."platforms.linux-x64-musl"]
checksum = "sha256:e7435c1aec98f60d98712da3231541987ac67c017c001f767c0f37bd517cfe43"
url = "https://github.com/jdx/hk/releases/download/v1.56.1/hk-x86_64-unknown-linux-musl.tar.gz"
url_api = "https://api.github.com/repos/jdx/hk/releases/assets/525632133"

[tools.hk."platforms.macos-arm64"]
checksum = "sha256:f8400a1427e66f1b968e58568115a2138b5d0fe88e0561b97d3822648b7e35ea"
url = "https://github.com/jdx/hk/releases/download/v1.56.1/hk-aarch64-apple-darwin.tar.gz"
url_api = "https://api.github.com/repos/jdx/hk/releases/assets/525632123"

[tools.hk."platforms.windows-x64"]
checksum = "sha256:4ccf353e484997dd4975361b6433f3b2661f5db614f2b382cddcac7eaa74a604"
url = "https://github.com/jdx/hk/releases/download/v1.56.1/hk-x86_64-pc-windows-msvc.zip"
url_api = "https://api.github.com/repos/jdx/hk/releases/assets/525632118"

[[tools.node]]
version = "24.20.0"
backend = "core:node"

[tools.node."platforms.linux-arm64"]
checksum = "sha256:3515603e2487879a39bc75716f1a2affd027500c64ba50e845cf72cb33219013"
url = "https://nodejs.org/dist/v24.20.0/node-v24.20.0-linux-arm64.tar.gz"

[tools.node."platforms.linux-arm64-musl"]
checksum = "sha256:2c8c507ccb0f20812d9526ba8ca454b1652aadef68fc8bad06f07fb1122dd1ef"
url = "https://unofficial-builds.nodejs.org/download/release/v24.20.0/node-v24.20.0-linux-arm64-musl.tar.gz"

[tools.node."platforms.linux-x64"]
checksum = "sha256:855d581f8a4eb1a8117e3426de25fe02770592febcfb31369aee1ffbfee9e8ec"
url = "https://nodejs.org/dist/v24.20.0/node-v24.20.0-linux-x64.tar.gz"

[tools.node."platforms.linux-x64-musl"]
checksum = "sha256:9ae1399fef4bd8990e15773ce1327b336a20b9e97d8c7549f4f42ca73c43f562"
url = "https://unofficial-builds.nodejs.org/download/release/v24.20.0/node-v24.20.0-linux-x64-musl.tar.gz"

[tools.node."platforms.macos-arm64"]
checksum = "sha256:40e5607e5ecb3db9192723776da2d75d966260fc74a7a9e731c1bd67dda96bc8"
url = "https://nodejs.org/dist/v24.20.0/node-v24.20.0-darwin-arm64.tar.gz"

[tools.node."platforms.macos-x64"]
checksum = "sha256:9e5b2644cf107befb6aefca676b96d3296bc10138096f022ed378d6233ed81f4"
url = "https://nodejs.org/dist/v24.20.0/node-v24.20.0-darwin-x64.tar.gz"

[tools.node."platforms.windows-x64"]
checksum = "sha256:6cac9ffbca8f6a47091e4b5c772e0606049c3871cb67d900c0cedde630e545ba"
url = "https://nodejs.org/dist/v24.20.0/node-v24.20.0-win-x64.zip"

[[tools.pnpm]]
version = "12.3.0"
backend = "aqua:pnpm/pnpm"

[tools.pnpm."platforms.linux-arm64"]
checksum = "sha256:f53c71bda2738b9b1c88345c067aa1b6197e2aa9af19ff75d5a02c31b1a2caac"
url = "https://github.com/pnpm/pnpm/releases/download/v12.3.0/pnpm-linux-arm64.tar.gz"
url_api = "https://api.github.com/repos/pnpm/pnpm/releases/assets/541441872"
provenance = "github-attestations"

[tools.pnpm."platforms.linux-arm64-musl"]
checksum = "sha256:bd8d3e90327a96520e17d4d0609ce346b4d02aaadee7cdf7d858e760facb67a1"
url = "https://github.com/pnpm/pnpm/releases/download/v12.3.0/pnpm-linux-arm64-musl.tar.gz"
url_api = "https://api.github.com/repos/pnpm/pnpm/releases/assets/541441873"
provenance = "github-attestations"

[tools.pnpm."platforms.linux-x64"]
checksum = "sha256:64dc4ce87f81ea614a4e4fecd5e6f81d8ef91fae37434602e6a5aebf6dd22939"
url = "https://github.com/pnpm/pnpm/releases/download/v12.3.0/pnpm-linux-x64.tar.gz"
url_api = "https://api.github.com/repos/pnpm/pnpm/releases/assets/541441882"
provenance = "github-attestations"

[tools.pnpm."platforms.linux-x64-musl"]
checksum = "sha256:7fc99f78fed8a507836e80009cf92596ed995bc9e89e5ef01c196141f28c41bb"
url = "https://github.com/pnpm/pnpm/releases/download/v12.3.0/pnpm-linux-x64-musl.tar.gz"
url_api = "https://api.github.com/repos/pnpm/pnpm/releases/assets/541441879"
provenance = "github-attestations"

[tools.pnpm."platforms.macos-arm64"]
checksum = "sha256:ce768febe07b239b14dbf19f4c05889970638293b5d061d20d526245ebbfedfc"
url = "https://github.com/pnpm/pnpm/releases/download/v12.3.0/pnpm-darwin-arm64.tar.gz"
url_api = "https://api.github.com/repos/pnpm/pnpm/releases/assets/541441881"
provenance = "github-attestations"

[tools.pnpm."platforms.windows-x64"]
checksum = "sha256:fa8a80023b4b8b5464d127d93a8ad0114a171131354237caf219a5f0dd90dae0"
url = "https://github.com/pnpm/pnpm/releases/download/v12.3.0/pnpm-win32-x64.zip"
url_api = "https://api.github.com/repos/pnpm/pnpm/releases/assets/541441880"
provenance = "github-attestations"

[[tools.ruby]]
version = "3.4.10"
backend = "core:ruby"

[tools.ruby."platforms.windows-x64"]
checksum = "sha256:89e3c5e235ac88b9b7e8daaf639eaaab74d7c470667354f6bf0f7432f3191ebb"
url = "https://github.com/oneclick/rubyinstaller2/releases/download/RubyInstaller-3.4.10-1/rubyinstaller-3.4.10-1-x64.7z"

[[tools.ruby]]
version = "3.4.10"
backend = "core:ruby"

[tools.ruby.options]
compile = "false"
precompiled_url = "jdx/ruby"
ruby_build_repo = "https://github.com/rbenv/ruby-build.git"
ruby_install = "false"

[tools.ruby."platforms.linux-arm64"]
checksum = "sha256:c0a3e9f1d7847e66b044aeeab394ba5d41f63c3da7ad99017c4b2578e31b205a"
url = "https://github.com/jdx/ruby/releases/download/3.4.10-2/ruby-3.4.10.arm64_linux.tar.gz"
provenance = "github-attestations"

[tools.ruby."platforms.linux-arm64-musl"]
checksum = "sha256:ecee2d072a14f2d14347dd56dfd8fe5c3130abf5117bfaacbda0f4ef9cc429ec"
url = "https://cache.ruby-lang.org/pub/ruby/3.4/ruby-3.4.10.tar.gz"

[tools.ruby."platforms.linux-x64"]
checksum = "sha256:81ce58b056ee2765e46785b4c6befb9852d9c3e50ff9385e7eb1cf3e0314d0bd"
url = "https://github.com/jdx/ruby/releases/download/3.4.10-2/ruby-3.4.10.x86_64_linux.tar.gz"
provenance = "github-attestations"

[tools.ruby."platforms.linux-x64-musl"]
checksum = "sha256:ecee2d072a14f2d14347dd56dfd8fe5c3130abf5117bfaacbda0f4ef9cc429ec"
url = "https://cache.ruby-lang.org/pub/ruby/3.4/ruby-3.4.10.tar.gz"

[tools.ruby."platforms.macos-arm64"]
checksum = "sha256:5aac8b6e16b0938a14f6d23346b5487020d1fea6b5856a33392e5eb37fa1ef62"
url = "https://github.com/jdx/ruby/releases/download/3.4.10-2/ruby-3.4.10.macos.tar.gz"
provenance = "github-attestations"

[tools.ruby."platforms.macos-x64"]
checksum = "sha256:ecee2d072a14f2d14347dd56dfd8fe5c3130abf5117bfaacbda0f4ef9cc429ec"
url = "https://cache.ruby-lang.org/pub/ruby/3.4/ruby-3.4.10.tar.gz"

[[tools.sentry]]
version = "3.7.0"
backend = "aqua:getsentry/sentry-cli"

[tools.sentry."platforms.linux-arm64"]
checksum = "sha256:69cc0e951f663a332fd3bb3069e443cb3748abbfce497ae2caac6d5a9ec7ae65"
url = "https://github.com/getsentry/sentry-cli/releases/download/3.7.0/sentry-cli-Linux-aarch64"
url_api = "https://api.github.com/repos/getsentry/sentry-cli/releases/assets/533547545"

[tools.sentry."platforms.linux-arm64-musl"]
checksum = "sha256:69cc0e951f663a332fd3bb3069e443cb3748abbfce497ae2caac6d5a9ec7ae65"
url = "https://github.com/getsentry/sentry-cli/releases/download/3.7.0/sentry-cli-Linux-aarch64"
url_api = "https://api.github.com/repos/getsentry/sentry-cli/releases/assets/533547545"

[tools.sentry."platforms.linux-x64"]
checksum = "sha256:cec71d46a7cc394c94b6e75f1601985c710d457376c546ef3975567b3671563b"
url = "https://github.com/getsentry/sentry-cli/releases/download/3.7.0/sentry-cli-Linux-x86_64"
url_api = "https://api.github.com/repos/getsentry/sentry-cli/releases/assets/533547553"

[tools.sentry."platforms.linux-x64-musl"]
checksum = "sha256:cec71d46a7cc394c94b6e75f1601985c710d457376c546ef3975567b3671563b"
url = "https://github.com/getsentry/sentry-cli/releases/download/3.7.0/sentry-cli-Linux-x86_64"
url_api = "https://api.github.com/repos/getsentry/sentry-cli/releases/assets/533547553"

[tools.sentry."platforms.macos-arm64"]
checksum = "sha256:c66564094fbe56ee3b359f7574541f858b8d1df0328a0a759da972fbf1886048"
url = "https://github.com/getsentry/sentry-cli/releases/download/3.7.0/sentry-cli-Darwin-arm64"
url_api = "https://api.github.com/repos/getsentry/sentry-cli/releases/assets/533547542"

[tools.sentry."platforms.macos-x64"]
checksum = "sha256:fcd74786b4d95c6b7531662607897aadd5ab5d64c5d0468a6f4bd97ad04bedb8"
url = "https://github.com/getsentry/sentry-cli/releases/download/3.7.0/sentry-cli-Darwin-x86_64"
url_api = "https://api.github.com/repos/getsentry/sentry-cli/releases/assets/533547551"

[tools.sentry."platforms.windows-x64"]
checksum = "sha256:8643986aec8d8cf8d69cd476d67427578e5dbbda378eba506d199681082abe5a"
url = "https://github.com/getsentry/sentry-cli/releases/download/3.7.0/sentry-cli-Windows-x86_64.exe"
url_api = "https://api.github.com/repos/getsentry/sentry-cli/releases/assets/533547552"
