# @generated - this file is auto-generated by `mise lock` https://mise.jdx.dev/dev-tools/mise-lock.html

[[tools.cocoapods]]
version = "1.17.0"
backend = "gem:cocoapods"

[[tools."gem:bundler"]]
version = "4.0.10"
backend = "gem:bundler"

[[tools."gem:fastlane"]]
version = "2.237.0"
backend = "gem:fastlane"

[[tools."gem:rubocop"]]
version = "1.89.0"
backend = "gem:rubocop"

[[tools.hk]]
version = "1.54.1"
backend = "aqua:jdx/hk"

[tools.hk."platforms.linux-arm64"]
checksum = "sha256:e00420ef742e2e222c2030253a8fa868033daf43fe670de17c2e6957dc577443"
url = "https://github.com/jdx/hk/releases/download/v1.54.1/hk-aarch64-unknown-linux-gnu.tar.gz"
url_api = "https://api.github.com/repos/jdx/hk/releases/assets/505018166"

[tools.hk."platforms.linux-arm64-musl"]
checksum = "sha256:a98f4e8d97bc4e07bef4528201f3dced2b2a9b3881ced92d0d38935a89b7ecfa"
url = "https://github.com/jdx/hk/releases/download/v1.54.1/hk-aarch64-unknown-linux-musl.tar.gz"
url_api = "https://api.github.com/repos/jdx/hk/releases/assets/505018162"

[tools.hk."platforms.linux-x64"]
checksum = "sha256:20775cfb4e8065aa25e790d888856d4d62cc2e688725c010f8a5fc112aa759b5"
url = "https://github.com/jdx/hk/releases/download/v1.54.1/hk-x86_64-unknown-linux-gnu.tar.gz"
url_api = "https://api.github.com/repos/jdx/hk/releases/assets/505018180"

[tools.hk."platforms.linux-x64-musl"]
checksum = "sha256:a78ee242f310d329843b36e41766df9b45ef29609c7424a6d84244b278f8cb3d"
url = "https://github.com/jdx/hk/releases/download/v1.54.1/hk-x86_64-unknown-linux-musl.tar.gz"
url_api = "https://api.github.com/repos/jdx/hk/releases/assets/505018181"

[tools.hk."platforms.macos-arm64"]
checksum = "sha256:8384262050e5f523c58af9e23cd92e2274e38cf95b4e72cf66f63545afa149b2"
url = "https://github.com/jdx/hk/releases/download/v1.54.1/hk-aarch64-apple-darwin.tar.gz"
url_api = "https://api.github.com/repos/jdx/hk/releases/assets/505018164"

[tools.hk."platforms.windows-x64"]
checksum = "sha256:32c28a6ec024ddfd59482334f0225f6e6c5202fdb3a5fdc74f3c987a1fd08007"
url = "https://github.com/jdx/hk/releases/download/v1.54.1/hk-x86_64-pc-windows-msvc.zip"
url_api = "https://api.github.com/repos/jdx/hk/releases/assets/505018165"

[[tools.node]]
version = "24.19.0"
backend = "core:node"

[tools.node."platforms.linux-arm64"]
checksum = "sha256:d28c8a5bf0a808f0ed434a1dce8c54ae98f0371c0bd86ac58abc613f73e6643f"
url = "https://nodejs.org/dist/v24.19.0/node-v24.19.0-linux-arm64.tar.gz"

[tools.node."platforms.linux-arm64-musl"]
checksum = "sha256:20824e4d35948fae5b337dccef47813b04d8995312f59df7386f2256d9f9ab7e"
url = "https://unofficial-builds.nodejs.org/download/release/v24.19.0/node-v24.19.0-linux-arm64-musl.tar.gz"

[tools.node."platforms.linux-x64"]
checksum = "sha256:f625d97cd707df4ff96254916fbc5ff014f09c09effe5a1e0ca8f6d41a8789d4"
url = "https://nodejs.org/dist/v24.19.0/node-v24.19.0-linux-x64.tar.gz"

[tools.node."platforms.linux-x64-musl"]
checksum = "sha256:c60223786df14a5d23e220ebb8e60318f5322640a62f90e6d9e54d3a18da532e"
url = "https://unofficial-builds.nodejs.org/download/release/v24.19.0/node-v24.19.0-linux-x64-musl.tar.gz"

[tools.node."platforms.macos-arm64"]
checksum = "sha256:8294b7aa9b03997481c06babf1e8b270c859358f27da57a11509afe537ac381d"
url = "https://nodejs.org/dist/v24.19.0/node-v24.19.0-darwin-arm64.tar.gz"

[tools.node."platforms.macos-x64"]
checksum = "sha256:d1b5e999db158c62fe8f7267a4476b035d8bd93b1a605bac24a3f0dd166e3316"
url = "https://nodejs.org/dist/v24.19.0/node-v24.19.0-darwin-x64.tar.gz"

[tools.node."platforms.windows-x64"]
checksum = "sha256:57f71ab3652e797d84acddc79c81cc9ff1c6ddb2a1974cdb83f00fee9bff4c73"
url = "https://nodejs.org/dist/v24.19.0/node-v24.19.0-win-x64.zip"

[[tools.pnpm]]
version = "11.20.0"
backend = "aqua:pnpm/pnpm"

[tools.pnpm."platforms.linux-arm64"]
checksum = "sha256:f00fc2041bb41742b7943bf2bb24183ad20320e8384824a8031eb94edf2f57a5"
url = "https://github.com/pnpm/pnpm/releases/download/v11.20.0/pnpm-linux-arm64.tar.gz"
url_api = "https://api.github.com/repos/pnpm/pnpm/releases/assets/500142378"
provenance = "github-attestations"

[tools.pnpm."platforms.linux-arm64-musl"]
checksum = "sha256:2a21235d3f0fbfbcb9e530b9a98f2c64dcee95d1d5d1c2d04428255c7b85f32c"
url = "https://github.com/pnpm/pnpm/releases/download/v11.20.0/pnpm-linux-arm64-musl.tar.gz"
url_api = "https://api.github.com/repos/pnpm/pnpm/releases/assets/500142372"
provenance = "github-attestations"

[tools.pnpm."platforms.linux-x64"]
checksum = "sha256:b4ad6ad2b21db2f8cd50af416c3aa148ba704c31c84893f465a770a01c2c4572"
url = "https://github.com/pnpm/pnpm/releases/download/v11.20.0/pnpm-linux-x64.tar.gz"
url_api = "https://api.github.com/repos/pnpm/pnpm/releases/assets/500142376"
provenance = "github-attestations"

[tools.pnpm."platforms.linux-x64-musl"]
checksum = "sha256:db046881c027f1a2d69e9a530a21a62c2bced4ba8ff437e7300426ae56951fe4"
url = "https://github.com/pnpm/pnpm/releases/download/v11.20.0/pnpm-linux-x64-musl.tar.gz"
url_api = "https://api.github.com/repos/pnpm/pnpm/releases/assets/500142377"
provenance = "github-attestations"

[tools.pnpm."platforms.macos-arm64"]
checksum = "sha256:4bc97fea72e5c92eec1fefc8d410c35d01e0d0d52f3160c59f38c32db58b5cd2"
url = "https://github.com/pnpm/pnpm/releases/download/v11.20.0/pnpm-darwin-arm64.tar.gz"
url_api = "https://api.github.com/repos/pnpm/pnpm/releases/assets/500142373"
provenance = "github-attestations"

[tools.pnpm."platforms.windows-x64"]
checksum = "sha256:ea2528bdc3d96a1ff3c35587dc48ca692b39d77f08f26df4adeaaa9eb427024e"
url = "https://github.com/pnpm/pnpm/releases/download/v11.20.0/pnpm-win32-x64.zip"
url_api = "https://api.github.com/repos/pnpm/pnpm/releases/assets/500142371"
provenance = "github-attestations"

[[tools.ruby]]
version = "3.4.9"
backend = "core:ruby"

[tools.ruby."platforms.windows-x64"]
checksum = "sha256:4375268618b61dadf53bf8e54beaca74ea30580c90d3c47ea9f2a134bd3e494e"
url = "https://github.com/oneclick/rubyinstaller2/releases/download/RubyInstaller-3.4.9-1/rubyinstaller-3.4.9-1-x64.7z"

[[tools.ruby]]
version = "3.4.9"
backend = "core:ruby"

[tools.ruby.options]
compile = "false"
precompiled_url = "jdx/ruby"
ruby_build_repo = "https://github.com/rbenv/ruby-build.git"
ruby_install = "false"

[tools.ruby."platforms.linux-arm64"]
checksum = "sha256:a8692a4ee561da41cc546998515c85ee863204b3898e326fb8ddb0e0f9e9f08b"
url = "https://github.com/jdx/ruby/releases/download/3.4.9-5/ruby-3.4.9.arm64_linux.tar.gz"
provenance = "github-attestations"

[tools.ruby."platforms.linux-arm64-musl"]
checksum = "sha256:a8692a4ee561da41cc546998515c85ee863204b3898e326fb8ddb0e0f9e9f08b"
url = "https://github.com/jdx/ruby/releases/download/3.4.9-5/ruby-3.4.9.arm64_linux.tar.gz"
provenance = "github-attestations"

[tools.ruby."platforms.linux-x64"]
checksum = "sha256:737594aed0caa74c4a79c578619f5b2d6ded4e5960ce19c3ac0c299a99ac7fe2"
url = "https://github.com/jdx/ruby/releases/download/3.4.9-5/ruby-3.4.9.x86_64_linux.tar.gz"
provenance = "github-attestations"

[tools.ruby."platforms.linux-x64-musl"]
checksum = "sha256:737594aed0caa74c4a79c578619f5b2d6ded4e5960ce19c3ac0c299a99ac7fe2"
url = "https://github.com/jdx/ruby/releases/download/3.4.9-5/ruby-3.4.9.x86_64_linux.tar.gz"
provenance = "github-attestations"

[tools.ruby."platforms.macos-arm64"]
checksum = "sha256:1633218d718e30f154eeb73697409558abbc34eb7408d64277a62a1da33e4652"
url = "https://github.com/jdx/ruby/releases/download/3.4.9-5/ruby-3.4.9.macos.tar.gz"
provenance = "github-attestations"

[tools.ruby."platforms.macos-x64"]
checksum = "sha256:7bb4d4f5e807cc27251d14d9d6086d182c5b25875191e44ab15b709cd7a7dd9c"
url = "https://cache.ruby-lang.org/pub/ruby/3.4/ruby-3.4.9.tar.gz"

[[tools.sentry]]
version = "3.6.2"
backend = "aqua:getsentry/sentry-cli"

[tools.sentry."platforms.linux-arm64"]
checksum = "sha256:ff112ecf694b7d6b3629a6228ed4e3f7a0d51401bdf48a5051a79d8749dccd06"
url = "https://github.com/getsentry/sentry-cli/releases/download/3.6.2/sentry-cli-Linux-aarch64"
url_api = "https://api.github.com/repos/getsentry/sentry-cli/releases/assets/486164039"

[tools.sentry."platforms.linux-arm64-musl"]
checksum = "sha256:ff112ecf694b7d6b3629a6228ed4e3f7a0d51401bdf48a5051a79d8749dccd06"
url = "https://github.com/getsentry/sentry-cli/releases/download/3.6.2/sentry-cli-Linux-aarch64"
url_api = "https://api.github.com/repos/getsentry/sentry-cli/releases/assets/486164039"

[tools.sentry."platforms.linux-x64"]
checksum = "sha256:3a4bbf2c0d06378d4e59b337647483751a0a2b1603db5fd4991847d0cfd6478c"
url = "https://github.com/getsentry/sentry-cli/releases/download/3.6.2/sentry-cli-Linux-x86_64"
url_api = "https://api.github.com/repos/getsentry/sentry-cli/releases/assets/486164037"

[tools.sentry."platforms.linux-x64-musl"]
checksum = "sha256:3a4bbf2c0d06378d4e59b337647483751a0a2b1603db5fd4991847d0cfd6478c"
url = "https://github.com/getsentry/sentry-cli/releases/download/3.6.2/sentry-cli-Linux-x86_64"
url_api = "https://api.github.com/repos/getsentry/sentry-cli/releases/assets/486164037"

[tools.sentry."platforms.macos-arm64"]
checksum = "sha256:5a497deb1e388cc6445c09ddd6d2da4fc2aae8295405d6393c2e0ee635ca3687"
url = "https://github.com/getsentry/sentry-cli/releases/download/3.6.2/sentry-cli-Darwin-arm64"
url_api = "https://api.github.com/repos/getsentry/sentry-cli/releases/assets/486164028"

[tools.sentry."platforms.macos-x64"]
checksum = "sha256:efe0a5289cdd0ea8ff727b1228a1bea6c840f2da38152e8f9f5ced05bd6659cd"
url = "https://github.com/getsentry/sentry-cli/releases/download/3.6.2/sentry-cli-Darwin-x86_64"
url_api = "https://api.github.com/repos/getsentry/sentry-cli/releases/assets/486164033"

[tools.sentry."platforms.windows-x64"]
checksum = "sha256:5c90cb0045cef3d3c36113c2aa21a7dcae11627d2d6e3098b679dea5b6681be3"
url = "https://github.com/getsentry/sentry-cli/releases/download/3.6.2/sentry-cli-Windows-x86_64.exe"
url_api = "https://api.github.com/repos/getsentry/sentry-cli/releases/assets/486164038"
