// !$*UTF8*$!
{
	archiveVersion = 1;
	classes = {
	};
	objectVersion = 77;
	objects = {

/* Begin PBXBuildFile section */
		2B820D1966A81BD0530E716A /* GRDB in Frameworks */ = {isa = PBXBuildFile; productRef = FF719FB4CBA98336EA31D9F7 /* GRDB */; };
		2E5B39C981784EC4FCEEB0D1 /* AllAboutAnythingTests.swift in Sources */ = {isa = PBXBuildFile; fileRef = 38E658D194CC2F61BC4EBC80 /* AllAboutAnythingTests.swift */; };
		7F92115075E669451F9800A1 /* ComposableArchitecture in Frameworks */ = {isa = PBXBuildFile; productRef = 1CCB537DBCB66E4E22677D71 /* ComposableArchitecture */; };
		A1B7C4F430B575A90998CF18 /* AllAboutAnythingApp.swift in Sources */ = {isa = PBXBuildFile; fileRef = 5C366B595CBA2B3554FA0545 /* AllAboutAnythingApp.swift */; };
/* End PBXBuildFile section */

/* Begin PBXContainerItemProxy section */
		EE8381C27511720F6C14A1B2 /* PBXContainerItemProxy */ = {
			isa = PBXContainerItemProxy;
			containerPortal = 2F05B1392AA50D2D4DE3667B /* Project object */;
			proxyType = 1;
			remoteGlobalIDString = B1EBBB40825618E3F3790A62;
			remoteInfo = AllAboutAnything;
		};
/* End PBXContainerItemProxy section */

/* Begin PBXFileReference section */
		2842803469B3FC397F150AC4 /* AllAboutAnything.app */ = {isa = PBXFileReference; includeInIndex = 0; lastKnownFileType = wrapper.application; path = AllAboutAnything.app; sourceTree = BUILT_PRODUCTS_DIR; };
		38E658D194CC2F61BC4EBC80 /* AllAboutAnythingTests.swift */ = {isa = PBXFileReference; lastKnownFileType = sourcecode.swift; path = AllAboutAnythingTests.swift; sourceTree = "<group>"; };
		57C1C99424F9757D2D9EE99E /* AllAboutAnythingTests.xctest */ = {isa = PBXFileReference; includeInIndex = 0; lastKnownFileType = wrapper.cfbundle; path = AllAboutAnythingTests.xctest; sourceTree = BUILT_PRODUCTS_DIR; };
		5C366B595CBA2B3554FA0545 /* AllAboutAnythingApp.swift */ = {isa = PBXFileReference; lastKnownFileType = sourcecode.swift; path = AllAboutAnythingApp.swift; sourceTree = "<group>"; };
/* End PBXFileReference section */

/* Begin PBXFrameworksBuildPhase section */
		08931BF40A95F852D2265943 /* Frameworks */ = {
			isa = PBXFrameworksBuildPhase;
			buildActionMask = 2147483647;
			files = (
				7F92115075E669451F9800A1 /* ComposableArchitecture in Frameworks */,
				2B820D1966A81BD0530E716A /* GRDB in Frameworks */,
			);
			runOnlyForDeploymentPostprocessing = 0;
		};
/* End PBXFrameworksBuildPhase section */

/* Begin PBXGroup section */
		0C39C629B2C20FCA1E877961 /* AllAboutAnythingTests */ = {
			isa = PBXGroup;
			children = (
				38E658D194CC2F61BC4EBC80 /* AllAboutAnythingTests.swift */,
			);
			path = AllAboutAnythingTests;
			sourceTree = "<group>";
		};
		100CF88A366D22AD4584B1D5 /* AllAboutAnything */ = {
			isa = PBXGroup;
			children = (
				5C366B595CBA2B3554FA0545 /* AllAboutAnythingApp.swift */,
			);
			path = AllAboutAnything;
			sourceTree = "<group>";
		};
		3C47DB2A736A9FB343D7B9B9 = {
			isa = PBXGroup;
			children = (
				100CF88A366D22AD4584B1D5 /* AllAboutAnything */,
				0C39C629B2C20FCA1E877961 /* AllAboutAnythingTests */,
				8E15BE5E757D5B6D07F0C98C /* Products */,
			);
			sourceTree = "<group>";
		};
		8E15BE5E757D5B6D07F0C98C /* Products */ = {
			isa = PBXGroup;
			children = (
				2842803469B3FC397F150AC4 /* AllAboutAnything.app */,
				57C1C99424F9757D2D9EE99E /* AllAboutAnythingTests.xctest */,
			);
			name = Products;
			sourceTree = "<group>";
		};
		"TEMP_6AA0B7CB-55B3-4600-90F5-D5446F9D84A1" /* Features */ = {
			isa = PBXGroup;
			children = (
			);
			path = Features;
			sourceTree = "<group>";
		};
/* End PBXGroup section */

/* Begin PBXNativeTarget section */
		77FE797349FF9398AE944BDF /* AllAboutAnythingTests */ = {
			isa = PBXNativeTarget;
			buildConfigurationList = 42D4C07BC7CF7EA4A3147D84 /* Build configuration list for PBXNativeTarget "AllAboutAnythingTests" */;
			buildPhases = (
				B0E50D0E0CBBC4F35AB2A211 /* Sources */,
			);
			buildRules = (
			);
			dependencies = (
				8D9075816354EA77B17C7E97 /* PBXTargetDependency */,
			);
			name = AllAboutAnythingTests;
			packageProductDependencies = (
			);
			productName = AllAboutAnythingTests;
			productReference = 57C1C99424F9757D2D9EE99E /* AllAboutAnythingTests.xctest */;
			productType = "com.apple.product-type.bundle.unit-test";
		};
		B1EBBB40825618E3F3790A62 /* AllAboutAnything */ = {
			isa = PBXNativeTarget;
			buildConfigurationList = D13A246D909A1A6A09841239 /* Build configuration list for PBXNativeTarget "AllAboutAnything" */;
			buildPhases = (
				F7FBD7890D61F6DCCFE60FDC /* Sources */,
				08931BF40A95F852D2265943 /* Frameworks */,
			);
			buildRules = (
			);
			dependencies = (
			);
			name = AllAboutAnything;
			packageProductDependencies = (
				1CCB537DBCB66E4E22677D71 /* ComposableArchitecture */,
				FF719FB4CBA98336EA31D9F7 /* GRDB */,
			);
			productName = AllAboutAnything;
			productReference = 2842803469B3FC397F150AC4 /* AllAboutAnything.app */;
			productType = "com.apple.product-type.application";
		};
/* End PBXNativeTarget section */

/* Begin PBXProject section */
		2F05B1392AA50D2D4DE3667B /* Project object */ = {
			isa = PBXProject;
			attributes = {
				BuildIndependentTargetsInParallel = YES;
				LastUpgradeCheck = 1430;
				TargetAttributes = {
				};
			};
			buildConfigurationList = 6F552E43C81A57A4E25800C2 /* Build configuration list for PBXProject "AllAboutAnything" */;
			developmentRegion = en;
			hasScannedForEncodings = 0;
			knownRegions = (
				Base,
				en,
			);
			mainGroup = 3C47DB2A736A9FB343D7B9B9;
			minimizedProjectReferenceProxies = 1;
			packageReferences = (
				2DA201BB5A4BD5CE7FF70E67 /* XCRemoteSwiftPackageReference "swift-composable-architecture" */,
				F73573733A26F3E0ADDDC540 /* XCRemoteSwiftPackageReference "GRDB.swift" */,
			);
			preferredProjectObjectVersion = 77;
			productRefGroup = 8E15BE5E757D5B6D07F0C98C /* Products */;
			projectDirPath = "";
			projectRoot = "";
			targets = (
				B1EBBB40825618E3F3790A62 /* AllAboutAnything */,
				77FE797349FF9398AE944BDF /* AllAboutAnythingTests */,
			);
		};
/* End PBXProject section */

/* Begin PBXSourcesBuildPhase section */
		B0E50D0E0CBBC4F35AB2A211 /* Sources */ = {
			isa = PBXSourcesBuildPhase;
			buildActionMask = 2147483647;
			files = (
				2E5B39C981784EC4FCEEB0D1 /* AllAboutAnythingTests.swift in Sources */,
			);
			runOnlyForDeploymentPostprocessing = 0;
		};
		F7FBD7890D61F6DCCFE60FDC /* Sources */ = {
			isa = PBXSourcesBuildPhase;
			buildActionMask = 2147483647;
			files = (
				A1B7C4F430B575A90998CF18 /* AllAboutAnythingApp.swift in Sources */,
			);
			runOnlyForDeploymentPostprocessing = 0;
		};
/* End PBXSourcesBuildPhase section */

/* Begin PBXTargetDependency section */
		8D9075816354EA77B17C7E97 /* PBXTargetDependency */ = {
			isa = PBXTargetDependency;
			target = B1EBBB40825618E3F3790A62 /* AllAboutAnything */;
			targetProxy = EE8381C27511720F6C14A1B2 /* PBXContainerItemProxy */;
		};
/* End PBXTargetDependency section */

/* Begin XCBuildConfiguration section */
		35CB76E7E2587A1DF140A1A1 /* Release */ = {
			isa = XCBuildConfiguration;
			buildSettings = {
				ALWAYS_SEARCH_USER_PATHS = NO;
				CLANG_ANALYZER_NONNULL = YES;
				CLANG_ANALYZER_NUMBER_OBJECT_CONVERSION = YES_AGGRESSIVE;
				CLANG_CXX_LANGUAGE_STANDARD = "gnu++14";
				CLANG_CXX_LIBRARY = "libc++";
				CLANG_ENABLE_MODULES = YES;
				CLANG_ENABLE_OBJC_ARC = YES;
				CLANG_ENABLE_OBJC_WEAK = YES;
				CLANG_WARN_BLOCK_CAPTURE_AUTORELEASING = YES;
				CLANG_WARN_BOOL_CONVERSION = YES;
				CLANG_WARN_COMMA = YES;
				CLANG_WARN_CONSTANT_CONVERSION = YES;
				CLANG_WARN_DEPRECATED_OBJC_IMPLEMENTATIONS = YES;
				CLANG_WARN_DIRECT_OBJC_ISA_USAGE = YES_ERROR;
				CLANG_WARN_DOCUMENTATION_COMMENTS = YES;
				CLANG_WARN_EMPTY_BODY = YES;
				CLANG_WARN_ENUM_CONVERSION = YES;
				CLANG_WARN_INFINITE_RECURSION = YES;
				CLANG_WARN_INT_CONVERSION = YES;
				CLANG_WARN_NON_LITERAL_NULL_CONVERSION = YES;
				CLANG_WARN_OBJC_IMPLICIT_RETAIN_SELF = YES;
				CLANG_WARN_OBJC_LITERAL_CONVERSION = YES;
				CLANG_WARN_OBJC_ROOT_CLASS = YES_ERROR;
				CLANG_WARN_QUOTED_INCLUDE_IN_FRAMEWORK_HEADER = YES;
				CLANG_WARN_RANGE_LOOP_ANALYSIS = YES;
				CLANG_WARN_STRICT_PROTOTYPES = YES;
				CLANG_WARN_SUSPICIOUS_MOVE = YES;
				CLANG_WARN_UNGUARDED_AVAILABILITY = YES_AGGRESSIVE;
				CLANG_WARN_UNREACHABLE_CODE = YES;
				CLANG_WARN__DUPLICATE_METHOD_MATCH = YES;
				COPY_PHASE_STRIP = NO;
				DEBUG_INFORMATION_FORMAT = "dwarf-with-dsym";
				ENABLE_NS_ASSERTIONS = NO;
				ENABLE_STRICT_OBJC_MSGSEND = YES;
				GCC_C_LANGUAGE_STANDARD = gnu11;
				GCC_NO_COMMON_BLOCKS = YES;
				GCC_WARN_64_TO_32_BIT_CONVERSION = YES;
				GCC_WARN_ABOUT_RETURN_TYPE = YES_ERROR;
				GCC_WARN_UNDECLARED_SELECTOR = YES;
				GCC_WARN_UNINITIALIZED_AUTOS = YES_AGGRESSIVE;
				GCC_WARN_UNUSED_FUNCTION = YES;
				GCC_WARN_UNUSED_VARIABLE = YES;
				IPHONEOS_DEPLOYMENT_TARGET = 18.0;
				MTL_ENABLE_DEBUG_INFO = NO;
				MTL_FAST_MATH = YES;
				PRODUCT_NAME = "$(TARGET_NAME)";
				SDKROOT = iphoneos;
				SWIFT_COMPILATION_MODE = wholemodule;
				SWIFT_OPTIMIZATION_LEVEL = "-O";
				SWIFT_VERSION = 6.2;
			};
			name = Release;
		};
		4931328BC35B768B55AC351E /* Debug */ = {
			isa = XCBuildConfiguration;
			buildSettings = {
				BUNDLE_LOADER = "$(TEST_HOST)";
				GENERATE_INFOPLIST_FILE = YES;
				LD_RUNPATH_SEARCH_PATHS = (
					"$(inherited)",
					"@executable_path/Frameworks",
					"@loader_path/Frameworks",
				);
				PRODUCT_BUNDLE_IDENTIFIER = com.allaboutanything.AllAboutAnythingTests;
				SDKROOT = iphoneos;
				TARGETED_DEVICE_FAMILY = "1,2";
				TEST_HOST = "$(BUILT_PRODUCTS_DIR)/AllAboutAnything.app/AllAboutAnything";
			};
			name = Debug;
		};
		80597A9A4D95E92F2B455C84 /* Release */ = {
			isa = XCBuildConfiguration;
			buildSettings = {
				ASSETCATALOG_COMPILER_APPICON_NAME = AppIcon;
				CODE_SIGN_IDENTITY = "iPhone Developer";
				GENERATE_INFOPLIST_FILE = YES;
				INFOPLIST_KEY_UIApplicationSceneManifest_Generation = YES;
				INFOPLIST_KEY_UILaunchScreen_Generation = YES;
				LD_RUNPATH_SEARCH_PATHS = (
					"$(inherited)",
					"@executable_path/Frameworks",
				);
				PRODUCT_BUNDLE_IDENTIFIER = com.allaboutanything.AllAboutAnything;
				SDKROOT = iphoneos;
				TARGETED_DEVICE_FAMILY = "1,2";
			};
			name = Release;
		};
		A74A2767A21FBABD0665A880 /* Debug */ = {
			isa = XCBuildConfiguration;
			buildSettings = {
				ASSETCATALOG_COMPILER_APPICON_NAME = AppIcon;
				CODE_SIGN_IDENTITY = "iPhone Developer";
				GENERATE_INFOPLIST_FILE = YES;
				INFOPLIST_KEY_UIApplicationSceneManifest_Generation = YES;
				INFOPLIST_KEY_UILaunchScreen_Generation = YES;
				LD_RUNPATH_SEARCH_PATHS = (
					"$(inherited)",
					"@executable_path/Frameworks",
				);
				PRODUCT_BUNDLE_IDENTIFIER = com.allaboutanything.AllAboutAnything;
				SDKROOT = iphoneos;
				TARGETED_DEVICE_FAMILY = "1,2";
			};
			name = Debug;
		};
		ACEF0E1CA82BA1E9E57788F4 /* Release */ = {
			isa = XCBuildConfiguration;
			buildSettings = {
				BUNDLE_LOADER = "$(TEST_HOST)";
				GENERATE_INFOPLIST_FILE = YES;
				LD_RUNPATH_SEARCH_PATHS = (
					"$(inherited)",
					"@executable_path/Frameworks",
					"@loader_path/Frameworks",
				);
				PRODUCT_BUNDLE_IDENTIFIER = com.allaboutanything.AllAboutAnythingTests;
				SDKROOT = iphoneos;
				TARGETED_DEVICE_FAMILY = "1,2";
				TEST_HOST = "$(BUILT_PRODUCTS_DIR)/AllAboutAnything.app/AllAboutAnything";
			};
			name = Release;
		};
		AF4216FBA0AEC9C5CDB535C4 /* Debug */ = {
			isa = XCBuildConfiguration;
			buildSettings = {
				ALWAYS_SEARCH_USER_PATHS = NO;
				CLANG_ANALYZER_NONNULL = YES;
				CLANG_ANALYZER_NUMBER_OBJECT_CONVERSION = YES_AGGRESSIVE;
				CLANG_CXX_LANGUAGE_STANDARD = "gnu++14";
				CLANG_CXX_LIBRARY = "libc++";
				CLANG_ENABLE_MODULES = YES;
				CLANG_ENABLE_OBJC_ARC = YES;
				CLANG_ENABLE_OBJC_WEAK = YES;
				CLANG_WARN_BLOCK_CAPTURE_AUTORELEASING = YES;
				CLANG_WARN_BOOL_CONVERSION = YES;
				CLANG_WARN_COMMA = YES;
				CLANG_WARN_CONSTANT_CONVERSION = YES;
				CLANG_WARN_DEPRECATED_OBJC_IMPLEMENTATIONS = YES;
				CLANG_WARN_DIRECT_OBJC_ISA_USAGE = YES_ERROR;
				CLANG_WARN_DOCUMENTATION_COMMENTS = YES;
				CLANG_WARN_EMPTY_BODY = YES;
				CLANG_WARN_ENUM_CONVERSION = YES;
				CLANG_WARN_INFINITE_RECURSION = YES;
				CLANG_WARN_INT_CONVERSION = YES;
				CLANG_WARN_NON_LITERAL_NULL_CONVERSION = YES;
				CLANG_WARN_OBJC_IMPLICIT_RETAIN_SELF = YES;
				CLANG_WARN_OBJC_LITERAL_CONVERSION = YES;
				CLANG_WARN_OBJC_ROOT_CLASS = YES_ERROR;
				CLANG_WARN_QUOTED_INCLUDE_IN_FRAMEWORK_HEADER = YES;
				CLANG_WARN_RANGE_LOOP_ANALYSIS = YES;
				CLANG_WARN_STRICT_PROTOTYPES = YES;
				CLANG_WARN_SUSPICIOUS_MOVE = YES;
				CLANG_WARN_UNGUARDED_AVAILABILITY = YES_AGGRESSIVE;
				CLANG_WARN_UNREACHABLE_CODE = YES;
				CLANG_WARN__DUPLICATE_METHOD_MATCH = YES;
				COPY_PHASE_STRIP = NO;
				DEBUG_INFORMATION_FORMAT = dwarf;
				ENABLE_STRICT_OBJC_MSGSEND = YES;
				ENABLE_TESTABILITY = YES;
				GCC_C_LANGUAGE_STANDARD = gnu11;
				GCC_DYNAMIC_NO_PIC = NO;
				GCC_NO_COMMON_BLOCKS = YES;
				GCC_OPTIMIZATION_LEVEL = 0;
				GCC_PREPROCESSOR_DEFINITIONS = (
					"$(inherited)",
					"DEBUG=1",
				);
				GCC_WARN_64_TO_32_BIT_CONVERSION = YES;
				GCC_WARN_ABOUT_RETURN_TYPE = YES_ERROR;
				GCC_WARN_UNDECLARED_SELECTOR = YES;
				GCC_WARN_UNINITIALIZED_AUTOS = YES_AGGRESSIVE;
				GCC_WARN_UNUSED_FUNCTION = YES;
				GCC_WARN_UNUSED_VARIABLE = YES;
				IPHONEOS_DEPLOYMENT_TARGET = 18.0;
				MTL_ENABLE_DEBUG_INFO = INCLUDE_SOURCE;
				MTL_FAST_MATH = YES;
				ONLY_ACTIVE_ARCH = YES;
				PRODUCT_NAME = "$(TARGET_NAME)";
				SDKROOT = iphoneos;
				SWIFT_ACTIVE_COMPILATION_CONDITIONS = DEBUG;
				SWIFT_OPTIMIZATION_LEVEL = "-Onone";
				SWIFT_VERSION = 6.2;
			};
			name = Debug;
		};
/* End XCBuildConfiguration section */

/* Begin XCConfigurationList section */
		42D4C07BC7CF7EA4A3147D84 /* Build configuration list for PBXNativeTarget "AllAboutAnythingTests" */ = {
			isa = XCConfigurationList;
			buildConfigurations = (
				4931328BC35B768B55AC351E /* Debug */,
				ACEF0E1CA82BA1E9E57788F4 /* Release */,
			);
			defaultConfigurationIsVisible = 0;
			defaultConfigurationName = Debug;
		};
		6F552E43C81A57A4E25800C2 /* Build configuration list for PBXProject "AllAboutAnything" */ = {
			isa = XCConfigurationList;
			buildConfigurations = (
				AF4216FBA0AEC9C5CDB535C4 /* Debug */,
				35CB76E7E2587A1DF140A1A1 /* Release */,
			);
			defaultConfigurationIsVisible = 0;
			defaultConfigurationName = Debug;
		};
		D13A246D909A1A6A09841239 /* Build configuration list for PBXNativeTarget "AllAboutAnything" */ = {
			isa = XCConfigurationList;
			buildConfigurations = (
				A74A2767A21FBABD0665A880 /* Debug */,
				80597A9A4D95E92F2B455C84 /* Release */,
			);
			defaultConfigurationIsVisible = 0;
			defaultConfigurationName = Debug;
		};
/* End XCConfigurationList section */

/* Begin XCRemoteSwiftPackageReference section */
		2DA201BB5A4BD5CE7FF70E67 /* XCRemoteSwiftPackageReference "swift-composable-architecture" */ = {
			isa = XCRemoteSwiftPackageReference;
			repositoryURL = "https://github.com/pointfreeco/swift-composable-architecture";
			requirement = {
				kind = upToNextMajorVersion;
				minimumVersion = 1.17.0;
			};
		};
		F73573733A26F3E0ADDDC540 /* XCRemoteSwiftPackageReference "GRDB.swift" */ = {
			isa = XCRemoteSwiftPackageReference;
			repositoryURL = "https://github.com/groue/GRDB.swift";
			requirement = {
				kind = upToNextMajorVersion;
				minimumVersion = 7.4.0;
			};
		};
/* End XCRemoteSwiftPackageReference section */

/* Begin XCSwiftPackageProductDependency section */
		1CCB537DBCB66E4E22677D71 /* ComposableArchitecture */ = {
			isa = XCSwiftPackageProductDependency;
			package = 2DA201BB5A4BD5CE7FF70E67 /* XCRemoteSwiftPackageReference "swift-composable-architecture" */;
			productName = ComposableArchitecture;
		};
		FF719FB4CBA98336EA31D9F7 /* GRDB */ = {
			isa = XCSwiftPackageProductDependency;
			package = F73573733A26F3E0ADDDC540 /* XCRemoteSwiftPackageReference "GRDB.swift" */;
			productName = GRDB;
		};
/* End XCSwiftPackageProductDependency section */
	};
	rootObject = 2F05B1392AA50D2D4DE3667B /* Project object */;
}
