// !$*UTF8*$!
{
	archiveVersion = 1;
	classes = {
	};
	objectVersion = 46;
	objects = {

/* Begin PBXBuildFile section */
		0002961D1E270BD1000909F2 /* CoreData.framework in Frameworks */ = {isa = PBXBuildFile; fileRef = 0002961C1E270BD1000909F2 /* CoreData.framework */; };
		0002961F1E270BD9000909F2 /* SystemConfiguration.framework in Frameworks */ = {isa = PBXBuildFile; fileRef = 0002961E1E270BD9000909F2 /* SystemConfiguration.framework */; };
		000296211E270BE4000909F2 /* libz.tbd in Frameworks */ = {isa = PBXBuildFile; fileRef = 000296201E270BE4000909F2 /* libz.tbd */; };
		000296231E270BF0000909F2 /* libsqlite3.0.tbd in Frameworks */ = {isa = PBXBuildFile; fileRef = 000296221E270BF0000909F2 /* libsqlite3.0.tbd */; };
		00273CA21F3806FF00E42F92 /* EventKit.framework in Frameworks */ = {isa = PBXBuildFile; fileRef = 00273CA11F3806FF00E42F92 /* EventKit.framework */; };
		00273CA41F38070F00E42F92 /* CoreFoundation.framework in Frameworks */ = {isa = PBXBuildFile; fileRef = 00273CA31F38070F00E42F92 /* CoreFoundation.framework */; };
		00C302E51ABCBA2D00DB3ED1 /* libRCTActionSheet.a in Frameworks */ = {isa = PBXBuildFile; fileRef = 00C302AC1ABCB8CE00DB3ED1 /* libRCTActionSheet.a */; };
		00C302E71ABCBA2D00DB3ED1 /* libRCTGeolocation.a in Frameworks */ = {isa = PBXBuildFile; fileRef = 00C302BA1ABCB90400DB3ED1 /* libRCTGeolocation.a */; };
		00C302E81ABCBA2D00DB3ED1 /* libRCTImage.a in Frameworks */ = {isa = PBXBuildFile; fileRef = 00C302C01ABCB91800DB3ED1 /* libRCTImage.a */; };
		00C302E91ABCBA2D00DB3ED1 /* libRCTNetwork.a in Frameworks */ = {isa = PBXBuildFile; fileRef = 00C302DC1ABCB9D200DB3ED1 /* libRCTNetwork.a */; };
		00C302EA1ABCBA2D00DB3ED1 /* libRCTVibration.a in Frameworks */ = {isa = PBXBuildFile; fileRef = 00C302E41ABCB9EE00DB3ED1 /* libRCTVibration.a */; };
		00D33BE21DDA58A8001E830E /* AllAboutOlafUITests.swift in Sources */ = {isa = PBXBuildFile; fileRef = 00D33BE11DDA58A8001E830E /* AllAboutOlafUITests.swift */; };
		00D33C031DDA598B001E830E /* SnapshotHelper.swift in Sources */ = {isa = PBXBuildFile; fileRef = 00D33C011DDA5958001E830E /* SnapshotHelper.swift */; };
		00E9BA601FBBB58600E0DFCD /* libRNVectorIcons.a in Frameworks */ = {isa = PBXBuildFile; fileRef = 0027B0A71D5C82AA00C2B4FD /* libRNVectorIcons.a */; };
		00E9BA611FBBB59900E0DFCD /* libRNDeviceInfo.a in Frameworks */ = {isa = PBXBuildFile; fileRef = 3A9B26591DE3709F00B6A428 /* libRNDeviceInfo.a */; };
		00E9BA621FBBB5B200E0DFCD /* libRCTGoogleAnalyticsBridge.a in Frameworks */ = {isa = PBXBuildFile; fileRef = 000296051E270B8A000909F2 /* libRCTGoogleAnalyticsBridge.a */; };
		00E9BA631FBBB5BE00E0DFCD /* libRCTOneSignal.a in Frameworks */ = {isa = PBXBuildFile; fileRef = 00158A901E4FAE9E00F78C7B /* libRCTOneSignal.a */; };
		00E9BA641FBBB5C800E0DFCD /* libRNKeychain.a in Frameworks */ = {isa = PBXBuildFile; fileRef = 00158AA31E4FAE9E00F78C7B /* libRNKeychain.a */; };
		00E9BA651FBBB5CF00E0DFCD /* libSafariViewManager.a in Frameworks */ = {isa = PBXBuildFile; fileRef = 009845C11E5DEE6800194E4A /* libSafariViewManager.a */; };
		00E9BA661FBBB5D900E0DFCD /* libDBCustomTabs.a in Frameworks */ = {isa = PBXBuildFile; fileRef = 009845B91E5DEE6800194E4A /* libDBCustomTabs.a */; };
		00E9BA671FBBB5FC00E0DFCD /* libBVLinearGradient.a in Frameworks */ = {isa = PBXBuildFile; fileRef = 00CF91EA1E770EF900DD9CBC /* libBVLinearGradient.a */; };
		00E9BA681FBBB60400E0DFCD /* libRNSearchBar.a in Frameworks */ = {isa = PBXBuildFile; fileRef = 00D4C3491EB97C9900733278 /* libRNSearchBar.a */; };
		00E9BA691FBBB60C00E0DFCD /* libRNNetworkInfo.a in Frameworks */ = {isa = PBXBuildFile; fileRef = 00F810AA1EABD6DB008316EB /* libRNNetworkInfo.a */; };
		00E9BA6A1FBBB61500E0DFCD /* libBugsnagReactNative.a in Frameworks */ = {isa = PBXBuildFile; fileRef = 00DE0C351E7C3087005F3CE3 /* libBugsnagReactNative.a */; };
		00E9BA6B1FBBB62100E0DFCD /* libAirMaps.a in Frameworks */ = {isa = PBXBuildFile; fileRef = 67990B4A1EC0FE7A001F5261 /* libAirMaps.a */; };
		00E9BA6C1FBBB62900E0DFCD /* libRCTRestart.a in Frameworks */ = {isa = PBXBuildFile; fileRef = 006118581EE51CD100638440 /* libRCTRestart.a */; };
		00E9BA6D1FBBB63C00E0DFCD /* libRNCalendarEvents.a in Frameworks */ = {isa = PBXBuildFile; fileRef = 00273C971F3806C700E42F92 /* libRNCalendarEvents.a */; };
		133E29F31AD74F7200F7D852 /* libRCTLinking.a in Frameworks */ = {isa = PBXBuildFile; fileRef = 78C398B91ACF4ADC00677621 /* libRCTLinking.a */; };
		139105C61AF99C1200B5F7CC /* libRCTSettings.a in Frameworks */ = {isa = PBXBuildFile; fileRef = 139105C11AF99BAD00B5F7CC /* libRCTSettings.a */; };
		139FDEF61B0652A700C62182 /* libRCTWebSocket.a in Frameworks */ = {isa = PBXBuildFile; fileRef = 139FDEF41B06529B00C62182 /* libRCTWebSocket.a */; };
		13B07FBC1A68108700A75B9A /* AppDelegate.m in Sources */ = {isa = PBXBuildFile; fileRef = 13B07FB01A68108700A75B9A /* AppDelegate.m */; };
		13B07FBF1A68108700A75B9A /* Images.xcassets in Resources */ = {isa = PBXBuildFile; fileRef = 13B07FB51A68108700A75B9A /* Images.xcassets */; };
		13B07FC11A68108700A75B9A /* main.m in Sources */ = {isa = PBXBuildFile; fileRef = 13B07FB71A68108700A75B9A /* main.m */; };
		146834051AC3E58100842450 /* libReact.a in Frameworks */ = {isa = PBXBuildFile; fileRef = 146834041AC3E56700842450 /* libReact.a */; };
		23787DFEFF9747949AE97A42 /* Ionicons.ttf in Resources */ = {isa = PBXBuildFile; fileRef = E6FBE71A05CC43E2B4885180 /* Ionicons.ttf */; };
		3A0CEA921DEA203F0036E739 /* libRCTAnimation.a in Frameworks */ = {isa = PBXBuildFile; fileRef = 3A0CEA781DEA20340036E739 /* libRCTAnimation.a */; };
		3AE408501E1E280800F0FD83 /* LaunchScreen.storyboard in Resources */ = {isa = PBXBuildFile; fileRef = 3AE4084F1E1E280800F0FD83 /* LaunchScreen.storyboard */; };
		832341BD1AAA6AB300B99B32 /* libRCTText.a in Frameworks */ = {isa = PBXBuildFile; fileRef = 832341B51AAA6A8300B99B32 /* libRCTText.a */; };
		BBDFD91C684046CB9FD0CD55 /* Entypo.ttf in Resources */ = {isa = PBXBuildFile; fileRef = 742B362B86E443C09A7F9FD9 /* Entypo.ttf */; };
/* End PBXBuildFile section */

/* Begin PBXContainerItemProxy section */
		000296041E270B8A000909F2 /* PBXContainerItemProxy */ = {
			isa = PBXContainerItemProxy;
			containerPortal = 150D47C893AB4ACBA45D7AF8 /* RCTGoogleAnalyticsBridge.xcodeproj */;
			proxyType = 2;
			remoteGlobalIDString = A79185C61C30694E001236A6;
			remoteInfo = RCTGoogleAnalyticsBridge;
		};
		00158A8F1E4FAE9E00F78C7B /* PBXContainerItemProxy */ = {
			isa = PBXContainerItemProxy;
			containerPortal = 916377371C784A9B8A7A1F5C /* RCTOneSignal.xcodeproj */;
			proxyType = 2;
			remoteGlobalIDString = 3245CDED1BFEE35C00EABF68;
			remoteInfo = RCTOneSignal;
		};
		00158AA21E4FAE9E00F78C7B /* PBXContainerItemProxy */ = {
			isa = PBXContainerItemProxy;
			containerPortal = 2560C43708D64866AA01FCC8 /* RNKeychain.xcodeproj */;
			proxyType = 2;
			remoteGlobalIDString = 5D82366F1B0CE05B005A9EF3;
			remoteInfo = RNKeychain;
		};
		00158AA51E4FAE9E00F78C7B /* PBXContainerItemProxy */ = {
			isa = PBXContainerItemProxy;
			containerPortal = A91038679F834707B769D282 /* RNKeychain.xcodeproj */;
			proxyType = 2;
			remoteGlobalIDString = 5D82366F1B0CE05B005A9EF3;
			remoteInfo = RNKeychain;
		};
		00273C961F3806C700E42F92 /* PBXContainerItemProxy */ = {
			isa = PBXContainerItemProxy;
			containerPortal = 23880A5682F24328A190720F /* RNCalendarEvents.xcodeproj */;
			proxyType = 2;
			remoteGlobalIDString = BEC43C6A1C723089001221C6;
			remoteInfo = RNCalendarEvents;
		};
		0027B0A61D5C82AA00C2B4FD /* PBXContainerItemProxy */ = {
			isa = PBXContainerItemProxy;
			containerPortal = 71D5CCADA66D45008D9A38F2 /* RNVectorIcons.xcodeproj */;
			proxyType = 2;
			remoteGlobalIDString = 5DBEB1501B18CEA900B34395;
			remoteInfo = RNVectorIcons;
		};
		0035C1021E4F59AE00768B84 /* PBXContainerItemProxy */ = {
			isa = PBXContainerItemProxy;
			containerPortal = 146833FF1AC3E56700842450 /* React.xcodeproj */;
			proxyType = 2;
			remoteGlobalIDString = 3D3C059A1DE3340900C268FA;
			remoteInfo = yoga;
		};
		0035C1041E4F59AE00768B84 /* PBXContainerItemProxy */ = {
			isa = PBXContainerItemProxy;
			containerPortal = 146833FF1AC3E56700842450 /* React.xcodeproj */;
			proxyType = 2;
			remoteGlobalIDString = 3D3C06751DE3340C00C268FA;
			remoteInfo = "yoga-tvOS";
		};
		0035C1061E4F59AE00768B84 /* PBXContainerItemProxy */ = {
			isa = PBXContainerItemProxy;
			containerPortal = 146833FF1AC3E56700842450 /* React.xcodeproj */;
			proxyType = 2;
			remoteGlobalIDString = 3D3CD9251DE5FBEC00167DC4;
			remoteInfo = cxxreact;
		};
		0035C1081E4F59AE00768B84 /* PBXContainerItemProxy */ = {
			isa = PBXContainerItemProxy;
			containerPortal = 146833FF1AC3E56700842450 /* React.xcodeproj */;
			proxyType = 2;
			remoteGlobalIDString = 3D3CD9321DE5FBEE00167DC4;
			remoteInfo = "cxxreact-tvOS";
		};
		0035C10A1E4F59AE00768B84 /* PBXContainerItemProxy */ = {
			isa = PBXContainerItemProxy;
			containerPortal = 146833FF1AC3E56700842450 /* React.xcodeproj */;
			proxyType = 2;
			remoteGlobalIDString = 3D3CD90B1DE5FBD600167DC4;
			remoteInfo = jschelpers;
		};
		0035C10C1E4F59AE00768B84 /* PBXContainerItemProxy */ = {
			isa = PBXContainerItemProxy;
			containerPortal = 146833FF1AC3E56700842450 /* React.xcodeproj */;
			proxyType = 2;
			remoteGlobalIDString = 3D3CD9181DE5FBD800167DC4;
			remoteInfo = "jschelpers-tvOS";
		};
		006118571EE51CD100638440 /* PBXContainerItemProxy */ = {
			isa = PBXContainerItemProxy;
			containerPortal = DBE3B3C3883845C787D391C2 /* RCTRestart.xcodeproj */;
			proxyType = 2;
			remoteGlobalIDString = 3245CDED1BFEE35C00EABF68;
			remoteInfo = RCTRestart;
		};
		008413781D5C3AC30034750D /* PBXContainerItemProxy */ = {
			isa = PBXContainerItemProxy;
			containerPortal = 43E420DADB24468C9E296F25 /* RNVectorIcons.xcodeproj */;
			proxyType = 2;
			remoteGlobalIDString = 5DBEB1501B18CEA900B34395;
			remoteInfo = RNVectorIcons;
		};
		009845B81E5DEE6800194E4A /* PBXContainerItemProxy */ = {
			isa = PBXContainerItemProxy;
			containerPortal = CE0A6E16923B40C9930B546C /* ReactNativeCustomTabs.xcodeproj */;
			proxyType = 2;
			remoteGlobalIDString = DA7118681CC9158A0087DF95;
			remoteInfo = DBCustomTabs;
		};
		009845C01E5DEE6800194E4A /* PBXContainerItemProxy */ = {
			isa = PBXContainerItemProxy;
			containerPortal = 89FC2AFC0A394CFFAE89242D /* SafariViewManager.xcodeproj */;
			proxyType = 2;
			remoteGlobalIDString = 134814201AA4EA6300B7C361;
			remoteInfo = SafariViewManager;
		};
		00C302AB1ABCB8CE00DB3ED1 /* PBXContainerItemProxy */ = {
			isa = PBXContainerItemProxy;
			containerPortal = 00C302A71ABCB8CE00DB3ED1 /* RCTActionSheet.xcodeproj */;
			proxyType = 2;
			remoteGlobalIDString = 134814201AA4EA6300B7C361;
			remoteInfo = RCTActionSheet;
		};
		00C302B91ABCB90400DB3ED1 /* PBXContainerItemProxy */ = {
			isa = PBXContainerItemProxy;
			containerPortal = 00C302B51ABCB90400DB3ED1 /* RCTGeolocation.xcodeproj */;
			proxyType = 2;
			remoteGlobalIDString = 134814201AA4EA6300B7C361;
			remoteInfo = RCTGeolocation;
		};
		00C302BF1ABCB91800DB3ED1 /* PBXContainerItemProxy */ = {
			isa = PBXContainerItemProxy;
			containerPortal = 00C302BB1ABCB91800DB3ED1 /* RCTImage.xcodeproj */;
			proxyType = 2;
			remoteGlobalIDString = 58B5115D1A9E6B3D00147676;
			remoteInfo = RCTImage;
		};
		00C302DB1ABCB9D200DB3ED1 /* PBXContainerItemProxy */ = {
			isa = PBXContainerItemProxy;
			containerPortal = 00C302D31ABCB9D200DB3ED1 /* RCTNetwork.xcodeproj */;
			proxyType = 2;
			remoteGlobalIDString = 58B511DB1A9E6C8500147676;
			remoteInfo = RCTNetwork;
		};
		00C302E31ABCB9EE00DB3ED1 /* PBXContainerItemProxy */ = {
			isa = PBXContainerItemProxy;
			containerPortal = 00C302DF1ABCB9EE00DB3ED1 /* RCTVibration.xcodeproj */;
			proxyType = 2;
			remoteGlobalIDString = 832C81801AAF6DEF007FA2F7;
			remoteInfo = RCTVibration;
		};
		00CAD1651DCA4B29009CDF8F /* PBXContainerItemProxy */ = {
			isa = PBXContainerItemProxy;
			containerPortal = 00C302BB1ABCB91800DB3ED1 /* RCTImage.xcodeproj */;
			proxyType = 2;
			remoteGlobalIDString = 2D2A283A1D9B042B00D4039D;
			remoteInfo = "RCTImage-tvOS";
		};
		00CAD1691DCA4B29009CDF8F /* PBXContainerItemProxy */ = {
			isa = PBXContainerItemProxy;
			containerPortal = 78C398B01ACF4ADC00677621 /* RCTLinking.xcodeproj */;
			proxyType = 2;
			remoteGlobalIDString = 2D2A28471D9B043800D4039D;
			remoteInfo = "RCTLinking-tvOS";
		};
		00CAD16D1DCA4B29009CDF8F /* PBXContainerItemProxy */ = {
			isa = PBXContainerItemProxy;
			containerPortal = 00C302D31ABCB9D200DB3ED1 /* RCTNetwork.xcodeproj */;
			proxyType = 2;
			remoteGlobalIDString = 2D2A28541D9B044C00D4039D;
			remoteInfo = "RCTNetwork-tvOS";
		};
		00CAD1721DCA4B29009CDF8F /* PBXContainerItemProxy */ = {
			isa = PBXContainerItemProxy;
			containerPortal = 139105B61AF99BAD00B5F7CC /* RCTSettings.xcodeproj */;
			proxyType = 2;
			remoteGlobalIDString = 2D2A28611D9B046600D4039D;
			remoteInfo = "RCTSettings-tvOS";
		};
		00CAD1761DCA4B29009CDF8F /* PBXContainerItemProxy */ = {
			isa = PBXContainerItemProxy;
			containerPortal = 832341B01AAA6A8300B99B32 /* RCTText.xcodeproj */;
			proxyType = 2;
			remoteGlobalIDString = 2D2A287B1D9B048500D4039D;
			remoteInfo = "RCTText-tvOS";
		};
		00CAD17B1DCA4B29009CDF8F /* PBXContainerItemProxy */ = {
			isa = PBXContainerItemProxy;
			containerPortal = 139FDEE61B06529A00C62182 /* RCTWebSocket.xcodeproj */;
			proxyType = 2;
			remoteGlobalIDString = 2D2A28881D9B049200D4039D;
			remoteInfo = "RCTWebSocket-tvOS";
		};
		00CAD17F1DCA4B29009CDF8F /* PBXContainerItemProxy */ = {
			isa = PBXContainerItemProxy;
			containerPortal = 146833FF1AC3E56700842450 /* React.xcodeproj */;
			proxyType = 2;
			remoteGlobalIDString = 2D2A28131D9B038B00D4039D;
			remoteInfo = "React-tvOS";
		};
		00CDE54F1F1F041900FEA89E /* PBXContainerItemProxy */ = {
			isa = PBXContainerItemProxy;
			containerPortal = 146833FF1AC3E56700842450 /* React.xcodeproj */;
			proxyType = 2;
			remoteGlobalIDString = 139D7ECE1E25DB7D00323FB7;
			remoteInfo = "third-party";
		};
		00CDE5511F1F041900FEA89E /* PBXContainerItemProxy */ = {
			isa = PBXContainerItemProxy;
			containerPortal = 146833FF1AC3E56700842450 /* React.xcodeproj */;
			proxyType = 2;
			remoteGlobalIDString = 139D7E881E25C6D100323FB7;
			remoteInfo = "double-conversion";
		};
		00CF91E91E770EF900DD9CBC /* PBXContainerItemProxy */ = {
			isa = PBXContainerItemProxy;
			containerPortal = C1122D5F37D247E09037EE31 /* BVLinearGradient.xcodeproj */;
			proxyType = 2;
			remoteGlobalIDString = 134814201AA4EA6300B7C361;
			remoteInfo = BVLinearGradient;
		};
		00D33BE41DDA58A8001E830E /* PBXContainerItemProxy */ = {
			isa = PBXContainerItemProxy;
			containerPortal = 83CBB9F71A601CBA00E9B192 /* Project object */;
			proxyType = 1;
			remoteGlobalIDString = 13B07F861A680F5B00A75B9A;
			remoteInfo = AllAboutOlaf;
		};
		00D4C3481EB97C9900733278 /* PBXContainerItemProxy */ = {
			isa = PBXContainerItemProxy;
			containerPortal = E288E9E30083441F948E40BF /* RNSearchBar.xcodeproj */;
			proxyType = 2;
			remoteGlobalIDString = 134814201AA4EA6300B7C361;
			remoteInfo = RNSearchBar;
		};
		00DE0C341E7C3087005F3CE3 /* PBXContainerItemProxy */ = {
			isa = PBXContainerItemProxy;
			containerPortal = 59C781128E0B476A8826CD12 /* BugsnagReactNative.xcodeproj */;
			proxyType = 2;
			remoteGlobalIDString = 8AD256131D6DE5F600C7D842;
			remoteInfo = BugsnagReactNative;
		};
		00E9BA391FBBB54C00E0DFCD /* PBXContainerItemProxy */ = {
			isa = PBXContainerItemProxy;
			containerPortal = 139FDEE61B06529A00C62182 /* RCTWebSocket.xcodeproj */;
			proxyType = 2;
			remoteGlobalIDString = 3DBE0D001F3B181A0099AA32;
			remoteInfo = fishhook;
		};
		00E9BA3B1FBBB54C00E0DFCD /* PBXContainerItemProxy */ = {
			isa = PBXContainerItemProxy;
			containerPortal = 139FDEE61B06529A00C62182 /* RCTWebSocket.xcodeproj */;
			proxyType = 2;
			remoteGlobalIDString = 3DBE0D0D1F3B181C0099AA32;
			remoteInfo = "fishhook-tvOS";
		};
		00E9BA4B1FBBB54C00E0DFCD /* PBXContainerItemProxy */ = {
			isa = PBXContainerItemProxy;
			containerPortal = 146833FF1AC3E56700842450 /* React.xcodeproj */;
			proxyType = 2;
			remoteGlobalIDString = 3D383D3C1EBD27B6005632C8;
			remoteInfo = "third-party-tvOS";
		};
		00E9BA4D1FBBB54C00E0DFCD /* PBXContainerItemProxy */ = {
			isa = PBXContainerItemProxy;
			containerPortal = 146833FF1AC3E56700842450 /* React.xcodeproj */;
			proxyType = 2;
			remoteGlobalIDString = 3D383D621EBD27B9005632C8;
			remoteInfo = "double-conversion-tvOS";
		};
		00E9BA4F1FBBB54C00E0DFCD /* PBXContainerItemProxy */ = {
			isa = PBXContainerItemProxy;
			containerPortal = 146833FF1AC3E56700842450 /* React.xcodeproj */;
			proxyType = 2;
			remoteGlobalIDString = 9936F3131F5F2E4B0010BF04;
			remoteInfo = privatedata;
		};
		00E9BA511FBBB54C00E0DFCD /* PBXContainerItemProxy */ = {
			isa = PBXContainerItemProxy;
			containerPortal = 146833FF1AC3E56700842450 /* React.xcodeproj */;
			proxyType = 2;
			remoteGlobalIDString = 9936F32F1F5F2E5B0010BF04;
			remoteInfo = "privatedata-tvOS";
		};
		00E9BA571FBBB54C00E0DFCD /* PBXContainerItemProxy */ = {
			isa = PBXContainerItemProxy;
			containerPortal = 828A2E49D4E3430FB2853AFF /* RNDeviceInfo.xcodeproj */;
			proxyType = 2;
			remoteGlobalIDString = E72EC1401F7ABB5A0001BC90;
			remoteInfo = "RNDeviceInfo-tvOS";
		};
		00F810A91EABD6DB008316EB /* PBXContainerItemProxy */ = {
			isa = PBXContainerItemProxy;
			containerPortal = 7CEE763ECB05435E8CD79870 /* RNNetworkInfo.xcodeproj */;
			proxyType = 2;
			remoteGlobalIDString = 045BEB3C1B52EA6A0013C1B9;
			remoteInfo = RNNetworkInfo;
		};
		139105C01AF99BAD00B5F7CC /* PBXContainerItemProxy */ = {
			isa = PBXContainerItemProxy;
			containerPortal = 139105B61AF99BAD00B5F7CC /* RCTSettings.xcodeproj */;
			proxyType = 2;
			remoteGlobalIDString = 134814201AA4EA6300B7C361;
			remoteInfo = RCTSettings;
		};
		139FDEF31B06529B00C62182 /* PBXContainerItemProxy */ = {
			isa = PBXContainerItemProxy;
			containerPortal = 139FDEE61B06529A00C62182 /* RCTWebSocket.xcodeproj */;
			proxyType = 2;
			remoteGlobalIDString = 3C86DF461ADF2C930047B81A;
			remoteInfo = RCTWebSocket;
		};
		146834031AC3E56700842450 /* PBXContainerItemProxy */ = {
			isa = PBXContainerItemProxy;
			containerPortal = 146833FF1AC3E56700842450 /* React.xcodeproj */;
			proxyType = 2;
			remoteGlobalIDString = 83CBBA2E1A601D0E00E9B192;
			remoteInfo = React;
		};
		3A0CEA771DEA20340036E739 /* PBXContainerItemProxy */ = {
			isa = PBXContainerItemProxy;
			containerPortal = 3A0CEA711DEA20340036E739 /* RCTAnimation.xcodeproj */;
			proxyType = 2;
			remoteGlobalIDString = 134814201AA4EA6300B7C361;
			remoteInfo = RCTAnimation;
		};
		3A0CEA791DEA20340036E739 /* PBXContainerItemProxy */ = {
			isa = PBXContainerItemProxy;
			containerPortal = 3A0CEA711DEA20340036E739 /* RCTAnimation.xcodeproj */;
			proxyType = 2;
			remoteGlobalIDString = 2D2A28201D9B03D100D4039D;
			remoteInfo = "RCTAnimation-tvOS";
		};
		3A9B26581DE3709F00B6A428 /* PBXContainerItemProxy */ = {
			isa = PBXContainerItemProxy;
			containerPortal = 828A2E49D4E3430FB2853AFF /* RNDeviceInfo.xcodeproj */;
			proxyType = 2;
			remoteGlobalIDString = DA5891D81BA9A9FC002B4DB2;
			remoteInfo = RNDeviceInfo;
		};
		6769508B1F6EE05800EF5057 /* PBXContainerItemProxy */ = {
			isa = PBXContainerItemProxy;
			containerPortal = C1122D5F37D247E09037EE31 /* BVLinearGradient.xcodeproj */;
			proxyType = 2;
			remoteGlobalIDString = 64AA15081EF7F30100718508;
			remoteInfo = "BVLinearGradient-tvOS";
		};
		67990B491EC0FE7A001F5261 /* PBXContainerItemProxy */ = {
			isa = PBXContainerItemProxy;
			containerPortal = 36AB9BDB6CF1449E997C6D74 /* AirMaps.xcodeproj */;
			proxyType = 2;
			remoteGlobalIDString = 11FA5C511C4A1296003AC2EE;
			remoteInfo = AirMaps;
		};
		78C398B81ACF4ADC00677621 /* PBXContainerItemProxy */ = {
			isa = PBXContainerItemProxy;
			containerPortal = 78C398B01ACF4ADC00677621 /* RCTLinking.xcodeproj */;
			proxyType = 2;
			remoteGlobalIDString = 134814201AA4EA6300B7C361;
			remoteInfo = RCTLinking;
		};
		832341B41AAA6A8300B99B32 /* PBXContainerItemProxy */ = {
			isa = PBXContainerItemProxy;
			containerPortal = 832341B01AAA6A8300B99B32 /* RCTText.xcodeproj */;
			proxyType = 2;
			remoteGlobalIDString = 58B5119B1A9E6C1200147676;
			remoteInfo = RCTText;
		};
/* End PBXContainerItemProxy section */

/* Begin PBXFileReference section */
		0002961C1E270BD1000909F2 /* CoreData.framework */ = {isa = PBXFileReference; lastKnownFileType = wrapper.framework; name = CoreData.framework; path = System/Library/Frameworks/CoreData.framework; sourceTree = SDKROOT; };
		0002961E1E270BD9000909F2 /* SystemConfiguration.framework */ = {isa = PBXFileReference; lastKnownFileType = wrapper.framework; name = SystemConfiguration.framework; path = System/Library/Frameworks/SystemConfiguration.framework; sourceTree = SDKROOT; };
		000296201E270BE4000909F2 /* libz.tbd */ = {isa = PBXFileReference; lastKnownFileType = "sourcecode.text-based-dylib-definition"; name = libz.tbd; path = usr/lib/libz.tbd; sourceTree = SDKROOT; };
		000296221E270BF0000909F2 /* libsqlite3.0.tbd */ = {isa = PBXFileReference; lastKnownFileType = "sourcecode.text-based-dylib-definition"; name = libsqlite3.0.tbd; path = usr/lib/libsqlite3.0.tbd; sourceTree = SDKROOT; };
		00273CA11F3806FF00E42F92 /* EventKit.framework */ = {isa = PBXFileReference; lastKnownFileType = wrapper.framework; name = EventKit.framework; path = System/Library/Frameworks/EventKit.framework; sourceTree = SDKROOT; };
		00273CA31F38070F00E42F92 /* CoreFoundation.framework */ = {isa = PBXFileReference; lastKnownFileType = wrapper.framework; name = CoreFoundation.framework; path = System/Library/Frameworks/CoreFoundation.framework; sourceTree = SDKROOT; };
		008F07F21AC5B25A0029DE68 /* main.jsbundle */ = {isa = PBXFileReference; fileEncoding = 4; lastKnownFileType = text; path = main.jsbundle; sourceTree = "<group>"; };
		00C302A71ABCB8CE00DB3ED1 /* RCTActionSheet.xcodeproj */ = {isa = PBXFileReference; lastKnownFileType = "wrapper.pb-project"; name = RCTActionSheet.xcodeproj; path = "../node_modules/react-native/Libraries/ActionSheetIOS/RCTActionSheet.xcodeproj"; sourceTree = "<group>"; };
		00C302B51ABCB90400DB3ED1 /* RCTGeolocation.xcodeproj */ = {isa = PBXFileReference; lastKnownFileType = "wrapper.pb-project"; name = RCTGeolocation.xcodeproj; path = "../node_modules/react-native/Libraries/Geolocation/RCTGeolocation.xcodeproj"; sourceTree = "<group>"; };
		00C302BB1ABCB91800DB3ED1 /* RCTImage.xcodeproj */ = {isa = PBXFileReference; lastKnownFileType = "wrapper.pb-project"; name = RCTImage.xcodeproj; path = "../node_modules/react-native/Libraries/Image/RCTImage.xcodeproj"; sourceTree = "<group>"; };
		00C302D31ABCB9D200DB3ED1 /* RCTNetwork.xcodeproj */ = {isa = PBXFileReference; lastKnownFileType = "wrapper.pb-project"; name = RCTNetwork.xcodeproj; path = "../node_modules/react-native/Libraries/Network/RCTNetwork.xcodeproj"; sourceTree = "<group>"; };
		00C302DF1ABCB9EE00DB3ED1 /* RCTVibration.xcodeproj */ = {isa = PBXFileReference; lastKnownFileType = "wrapper.pb-project"; name = RCTVibration.xcodeproj; path = "../node_modules/react-native/Libraries/Vibration/RCTVibration.xcodeproj"; sourceTree = "<group>"; };
		00C8CB4C1D6EBA1A00E66E20 /* All About Olaf.entitlements */ = {isa = PBXFileReference; lastKnownFileType = text.plist.entitlements; name = "All About Olaf.entitlements"; path = "AllAboutOlaf/All About Olaf.entitlements"; sourceTree = "<group>"; };
		00D33BDF1DDA58A8001E830E /* AllAboutOlafUITests.xctest */ = {isa = PBXFileReference; explicitFileType = wrapper.cfbundle; includeInIndex = 0; path = AllAboutOlafUITests.xctest; sourceTree = BUILT_PRODUCTS_DIR; };
		00D33BE11DDA58A8001E830E /* AllAboutOlafUITests.swift */ = {isa = PBXFileReference; indentWidth = 4; lastKnownFileType = sourcecode.swift; path = AllAboutOlafUITests.swift; sourceTree = "<group>"; };
		00D33BE31DDA58A8001E830E /* Info.plist */ = {isa = PBXFileReference; lastKnownFileType = text.plist.xml; path = Info.plist; sourceTree = "<group>"; };
		00D33C001DDA5958001E830E /* AllAboutOlaf-Bridging-Header.h */ = {isa = PBXFileReference; lastKnownFileType = sourcecode.c.h; path = "AllAboutOlaf-Bridging-Header.h"; sourceTree = "<group>"; };
		00D33C011DDA5958001E830E /* SnapshotHelper.swift */ = {isa = PBXFileReference; fileEncoding = 4; lastKnownFileType = sourcecode.swift; name = SnapshotHelper.swift; path = fastlane/SnapshotHelper.swift; sourceTree = SOURCE_ROOT; };
		139105B61AF99BAD00B5F7CC /* RCTSettings.xcodeproj */ = {isa = PBXFileReference; lastKnownFileType = "wrapper.pb-project"; name = RCTSettings.xcodeproj; path = "../node_modules/react-native/Libraries/Settings/RCTSettings.xcodeproj"; sourceTree = "<group>"; };
		139FDEE61B06529A00C62182 /* RCTWebSocket.xcodeproj */ = {isa = PBXFileReference; lastKnownFileType = "wrapper.pb-project"; name = RCTWebSocket.xcodeproj; path = "../node_modules/react-native/Libraries/WebSocket/RCTWebSocket.xcodeproj"; sourceTree = "<group>"; };
		13B07F961A680F5B00A75B9A /* AllAboutOlaf.app */ = {isa = PBXFileReference; explicitFileType = wrapper.application; includeInIndex = 0; path = AllAboutOlaf.app; sourceTree = BUILT_PRODUCTS_DIR; };
		13B07FAF1A68108700A75B9A /* AppDelegate.h */ = {isa = PBXFileReference; fileEncoding = 4; lastKnownFileType = sourcecode.c.h; name = AppDelegate.h; path = AllAboutOlaf/AppDelegate.h; sourceTree = "<group>"; };
		13B07FB01A68108700A75B9A /* AppDelegate.m */ = {isa = PBXFileReference; fileEncoding = 4; lastKnownFileType = sourcecode.c.objc; name = AppDelegate.m; path = AllAboutOlaf/AppDelegate.m; sourceTree = "<group>"; };
		13B07FB51A68108700A75B9A /* Images.xcassets */ = {isa = PBXFileReference; lastKnownFileType = folder.assetcatalog; name = Images.xcassets; path = AllAboutOlaf/Images.xcassets; sourceTree = "<group>"; };
		13B07FB61A68108700A75B9A /* Info.plist */ = {isa = PBXFileReference; fileEncoding = 4; lastKnownFileType = text.plist.xml; name = Info.plist; path = AllAboutOlaf/Info.plist; sourceTree = "<group>"; };
		13B07FB71A68108700A75B9A /* main.m */ = {isa = PBXFileReference; fileEncoding = 4; lastKnownFileType = sourcecode.c.objc; name = main.m; path = AllAboutOlaf/main.m; sourceTree = "<group>"; };
		146833FF1AC3E56700842450 /* React.xcodeproj */ = {isa = PBXFileReference; lastKnownFileType = "wrapper.pb-project"; name = React.xcodeproj; path = "../node_modules/react-native/React/React.xcodeproj"; sourceTree = "<group>"; };
		150D47C893AB4ACBA45D7AF8 /* RCTGoogleAnalyticsBridge.xcodeproj */ = {isa = PBXFileReference; explicitFileType = undefined; fileEncoding = 9; includeInIndex = 0; lastKnownFileType = "wrapper.pb-project"; name = RCTGoogleAnalyticsBridge.xcodeproj; path = "../node_modules/react-native-google-analytics-bridge/ios/RCTGoogleAnalyticsBridge/RCTGoogleAnalyticsBridge.xcodeproj"; sourceTree = "<group>"; };
		23880A5682F24328A190720F /* RNCalendarEvents.xcodeproj */ = {isa = PBXFileReference; explicitFileType = undefined; fileEncoding = 9; includeInIndex = 0; lastKnownFileType = "wrapper.pb-project"; name = RNCalendarEvents.xcodeproj; path = "../node_modules/react-native-calendar-events/RNCalendarEvents.xcodeproj"; sourceTree = "<group>"; };
		2560C43708D64866AA01FCC8 /* RNKeychain.xcodeproj */ = {isa = PBXFileReference; explicitFileType = undefined; fileEncoding = 9; includeInIndex = 0; lastKnownFileType = "wrapper.pb-project"; name = RNKeychain.xcodeproj; path = "../node_modules/react-native-keychain/RNKeychain.xcodeproj"; sourceTree = "<group>"; };
		36AB9BDB6CF1449E997C6D74 /* AirMaps.xcodeproj */ = {isa = PBXFileReference; explicitFileType = undefined; fileEncoding = 9; includeInIndex = 0; lastKnownFileType = "wrapper.pb-project"; name = AirMaps.xcodeproj; path = "../node_modules/react-native-maps/lib/ios/AirMaps.xcodeproj"; sourceTree = "<group>"; };
		3A0CEA711DEA20340036E739 /* RCTAnimation.xcodeproj */ = {isa = PBXFileReference; lastKnownFileType = "wrapper.pb-project"; name = RCTAnimation.xcodeproj; path = "../node_modules/react-native/Libraries/NativeAnimation/RCTAnimation.xcodeproj"; sourceTree = "<group>"; };
		3AE4084F1E1E280800F0FD83 /* LaunchScreen.storyboard */ = {isa = PBXFileReference; fileEncoding = 4; lastKnownFileType = file.storyboard; name = LaunchScreen.storyboard; path = AllAboutOlaf/LaunchScreen.storyboard; sourceTree = "<group>"; };
		43E420DADB24468C9E296F25 /* RNVectorIcons.xcodeproj */ = {isa = PBXFileReference; explicitFileType = undefined; fileEncoding = 9; includeInIndex = 0; lastKnownFileType = "wrapper.pb-project"; name = RNVectorIcons.xcodeproj; path = "../node_modules/react-native-vector-icons/RNVectorIcons.xcodeproj"; sourceTree = "<group>"; };
		59C781128E0B476A8826CD12 /* BugsnagReactNative.xcodeproj */ = {isa = PBXFileReference; explicitFileType = undefined; fileEncoding = 9; includeInIndex = 0; lastKnownFileType = "wrapper.pb-project"; name = BugsnagReactNative.xcodeproj; path = "../node_modules/bugsnag-react-native/cocoa/BugsnagReactNative.xcodeproj"; sourceTree = "<group>"; };
		71D5CCADA66D45008D9A38F2 /* RNVectorIcons.xcodeproj */ = {isa = PBXFileReference; explicitFileType = undefined; fileEncoding = 9; includeInIndex = 0; lastKnownFileType = "wrapper.pb-project"; name = RNVectorIcons.xcodeproj; path = "../node_modules/react-native-vector-icons/RNVectorIcons.xcodeproj"; sourceTree = "<group>"; };
		742B362B86E443C09A7F9FD9 /* Entypo.ttf */ = {isa = PBXFileReference; explicitFileType = undefined; fileEncoding = 9; includeInIndex = 0; lastKnownFileType = unknown; name = Entypo.ttf; path = "../node_modules/react-native-vector-icons/Fonts/Entypo.ttf"; sourceTree = "<group>"; };
		78C398B01ACF4ADC00677621 /* RCTLinking.xcodeproj */ = {isa = PBXFileReference; lastKnownFileType = "wrapper.pb-project"; name = RCTLinking.xcodeproj; path = "../node_modules/react-native/Libraries/LinkingIOS/RCTLinking.xcodeproj"; sourceTree = "<group>"; };
		7CEE763ECB05435E8CD79870 /* RNNetworkInfo.xcodeproj */ = {isa = PBXFileReference; explicitFileType = undefined; fileEncoding = 9; includeInIndex = 0; lastKnownFileType = "wrapper.pb-project"; name = RNNetworkInfo.xcodeproj; path = "../node_modules/react-native-network-info/ios/RNNetworkInfo.xcodeproj"; sourceTree = "<group>"; };
		828A2E49D4E3430FB2853AFF /* RNDeviceInfo.xcodeproj */ = {isa = PBXFileReference; explicitFileType = undefined; fileEncoding = 9; includeInIndex = 0; lastKnownFileType = "wrapper.pb-project"; name = RNDeviceInfo.xcodeproj; path = "../node_modules/react-native-device-info/RNDeviceInfo.xcodeproj"; sourceTree = "<group>"; };
		832341B01AAA6A8300B99B32 /* RCTText.xcodeproj */ = {isa = PBXFileReference; lastKnownFileType = "wrapper.pb-project"; name = RCTText.xcodeproj; path = "../node_modules/react-native/Libraries/Text/RCTText.xcodeproj"; sourceTree = "<group>"; };
		89FC2AFC0A394CFFAE89242D /* SafariViewManager.xcodeproj */ = {isa = PBXFileReference; explicitFileType = undefined; fileEncoding = 9; includeInIndex = 0; lastKnownFileType = "wrapper.pb-project"; name = SafariViewManager.xcodeproj; path = "../node_modules/react-native-safari-view/SafariViewManager.xcodeproj"; sourceTree = "<group>"; };
		916377371C784A9B8A7A1F5C /* RCTOneSignal.xcodeproj */ = {isa = PBXFileReference; explicitFileType = undefined; fileEncoding = 9; includeInIndex = 0; lastKnownFileType = "wrapper.pb-project"; name = RCTOneSignal.xcodeproj; path = "../node_modules/react-native-onesignal/ios/RCTOneSignal.xcodeproj"; sourceTree = "<group>"; };
		A91038679F834707B769D282 /* RNKeychain.xcodeproj */ = {isa = PBXFileReference; explicitFileType = undefined; fileEncoding = 9; includeInIndex = 0; lastKnownFileType = "wrapper.pb-project"; name = RNKeychain.xcodeproj; path = "../node_modules/react-native-keychain/RNKeychain.xcodeproj"; sourceTree = "<group>"; };
		C1122D5F37D247E09037EE31 /* BVLinearGradient.xcodeproj */ = {isa = PBXFileReference; explicitFileType = undefined; fileEncoding = 9; includeInIndex = 0; lastKnownFileType = "wrapper.pb-project"; name = BVLinearGradient.xcodeproj; path = "../node_modules/react-native-linear-gradient/BVLinearGradient.xcodeproj"; sourceTree = "<group>"; };
		CE0A6E16923B40C9930B546C /* ReactNativeCustomTabs.xcodeproj */ = {isa = PBXFileReference; explicitFileType = undefined; fileEncoding = 9; includeInIndex = 0; lastKnownFileType = "wrapper.pb-project"; name = ReactNativeCustomTabs.xcodeproj; path = "../node_modules/react-native-custom-tabs/ios/ReactNativeCustomTabs.xcodeproj"; sourceTree = "<group>"; };
		DBE3B3C3883845C787D391C2 /* RCTRestart.xcodeproj */ = {isa = PBXFileReference; explicitFileType = undefined; fileEncoding = 9; includeInIndex = 0; lastKnownFileType = "wrapper.pb-project"; name = RCTRestart.xcodeproj; path = "../node_modules/react-native-restart/ios/RCTRestart.xcodeproj"; sourceTree = "<group>"; };
		E288E9E30083441F948E40BF /* RNSearchBar.xcodeproj */ = {isa = PBXFileReference; explicitFileType = undefined; fileEncoding = 9; includeInIndex = 0; lastKnownFileType = "wrapper.pb-project"; name = RNSearchBar.xcodeproj; path = "../node_modules/@hawkrives/react-native-search-bar/RNSearchBar.xcodeproj"; sourceTree = "<group>"; };
		E6FBE71A05CC43E2B4885180 /* Ionicons.ttf */ = {isa = PBXFileReference; explicitFileType = undefined; fileEncoding = 9; includeInIndex = 0; lastKnownFileType = unknown; name = Ionicons.ttf; path = "../node_modules/react-native-vector-icons/Fonts/Ionicons.ttf"; sourceTree = "<group>"; };
/* End PBXFileReference section */

/* Begin PBXFrameworksBuildPhase section */
		00D33BDC1DDA58A8001E830E /* Frameworks */ = {
			isa = PBXFrameworksBuildPhase;
			buildActionMask = 2147483647;
			files = (
			);
			runOnlyForDeploymentPostprocessing = 0;
		};
		13B07F8C1A680F5B00A75B9A /* Frameworks */ = {
			isa = PBXFrameworksBuildPhase;
			buildActionMask = 2147483647;
			files = (
				00273CA41F38070F00E42F92 /* CoreFoundation.framework in Frameworks */,
				00273CA21F3806FF00E42F92 /* EventKit.framework in Frameworks */,
				000296231E270BF0000909F2 /* libsqlite3.0.tbd in Frameworks */,
				000296211E270BE4000909F2 /* libz.tbd in Frameworks */,
				0002961F1E270BD9000909F2 /* SystemConfiguration.framework in Frameworks */,
				0002961D1E270BD1000909F2 /* CoreData.framework in Frameworks */,
				146834051AC3E58100842450 /* libReact.a in Frameworks */,
				00C302E51ABCBA2D00DB3ED1 /* libRCTActionSheet.a in Frameworks */,
				3A0CEA921DEA203F0036E739 /* libRCTAnimation.a in Frameworks */,
				00C302E71ABCBA2D00DB3ED1 /* libRCTGeolocation.a in Frameworks */,
				00C302E81ABCBA2D00DB3ED1 /* libRCTImage.a in Frameworks */,
				133E29F31AD74F7200F7D852 /* libRCTLinking.a in Frameworks */,
				00C302E91ABCBA2D00DB3ED1 /* libRCTNetwork.a in Frameworks */,
				139105C61AF99C1200B5F7CC /* libRCTSettings.a in Frameworks */,
				832341BD1AAA6AB300B99B32 /* libRCTText.a in Frameworks */,
				00C302EA1ABCBA2D00DB3ED1 /* libRCTVibration.a in Frameworks */,
				139FDEF61B0652A700C62182 /* libRCTWebSocket.a in Frameworks */,
				00E9BA601FBBB58600E0DFCD /* libRNVectorIcons.a in Frameworks */,
				00E9BA611FBBB59900E0DFCD /* libRNDeviceInfo.a in Frameworks */,
				00E9BA621FBBB5B200E0DFCD /* libRCTGoogleAnalyticsBridge.a in Frameworks */,
				00E9BA631FBBB5BE00E0DFCD /* libRCTOneSignal.a in Frameworks */,
				00E9BA641FBBB5C800E0DFCD /* libRNKeychain.a in Frameworks */,
				00E9BA651FBBB5CF00E0DFCD /* libSafariViewManager.a in Frameworks */,
				00E9BA661FBBB5D900E0DFCD /* libDBCustomTabs.a in Frameworks */,
				00E9BA671FBBB5FC00E0DFCD /* libBVLinearGradient.a in Frameworks */,
				00E9BA681FBBB60400E0DFCD /* libRNSearchBar.a in Frameworks */,
				00E9BA6A1FBBB61500E0DFCD /* libBugsnagReactNative.a in Frameworks */,
				00E9BA691FBBB60C00E0DFCD /* libRNNetworkInfo.a in Frameworks */,
				00E9BA6B1FBBB62100E0DFCD /* libAirMaps.a in Frameworks */,
				00E9BA6C1FBBB62900E0DFCD /* libRCTRestart.a in Frameworks */,
				00E9BA6D1FBBB63C00E0DFCD /* libRNCalendarEvents.a in Frameworks */,
			);
			runOnlyForDeploymentPostprocessing = 0;
		};
/* End PBXFrameworksBuildPhase section */

/* Begin PBXGroup section */
		000295FD1E270B8A000909F2 /* Products */ = {
			isa = PBXGroup;
			children = (
				000296051E270B8A000909F2 /* libRCTGoogleAnalyticsBridge.a */,
			);
			name = Products;
			sourceTree = "<group>";
		};
		00158A7F1E4FAE9E00F78C7B /* Products */ = {
			isa = PBXGroup;
			children = (
				00158AA31E4FAE9E00F78C7B /* libRNKeychain.a */,
			);
			name = Products;
			sourceTree = "<group>";
		};
		00158A811E4FAE9E00F78C7B /* Products */ = {
			isa = PBXGroup;
			children = (
				00158A901E4FAE9E00F78C7B /* libRCTOneSignal.a */,
			);
			name = Products;
			sourceTree = "<group>";
		};
		00273C701F3806C700E42F92 /* Products */ = {
			isa = PBXGroup;
			children = (
				00273C971F3806C700E42F92 /* libRNCalendarEvents.a */,
			);
			name = Products;
			sourceTree = "<group>";
		};
		0027B0931D5C82AA00C2B4FD /* Products */ = {
			isa = PBXGroup;
			children = (
				00158AA61E4FAE9E00F78C7B /* libRNKeychain.a */,
			);
			name = Products;
			sourceTree = "<group>";
		};
		0027B0951D5C82AA00C2B4FD /* Products */ = {
			isa = PBXGroup;
			children = (
				0027B0A71D5C82AA00C2B4FD /* libRNVectorIcons.a */,
			);
			name = Products;
			sourceTree = "<group>";
		};
		006118441EE51CD100638440 /* Products */ = {
			isa = PBXGroup;
			children = (
				006118581EE51CD100638440 /* libRCTRestart.a */,
			);
			name = Products;
			sourceTree = "<group>";
		};
		008413661D5C3AC30034750D /* Products */ = {
			isa = PBXGroup;
			children = (
				008413791D5C3AC30034750D /* libRNVectorIcons.a */,
			);
			name = Products;
			sourceTree = "<group>";
		};
		009845971E5DEE6800194E4A /* Products */ = {
			isa = PBXGroup;
			children = (
				009845C11E5DEE6800194E4A /* libSafariViewManager.a */,
			);
			name = Products;
			sourceTree = "<group>";
		};
		009845991E5DEE6800194E4A /* Products */ = {
			isa = PBXGroup;
			children = (
				009845B91E5DEE6800194E4A /* libDBCustomTabs.a */,
			);
			name = Products;
			sourceTree = "<group>";
		};
		00C302A81ABCB8CE00DB3ED1 /* Products */ = {
			isa = PBXGroup;
			children = (
				00C302AC1ABCB8CE00DB3ED1 /* libRCTActionSheet.a */,
			);
			name = Products;
			sourceTree = "<group>";
		};
		00C302B61ABCB90400DB3ED1 /* Products */ = {
			isa = PBXGroup;
			children = (
				00C302BA1ABCB90400DB3ED1 /* libRCTGeolocation.a */,
			);
			name = Products;
			sourceTree = "<group>";
		};
		00C302BC1ABCB91800DB3ED1 /* Products */ = {
			isa = PBXGroup;
			children = (
				00C302C01ABCB91800DB3ED1 /* libRCTImage.a */,
				00CAD1661DCA4B29009CDF8F /* libRCTImage-tvOS.a */,
			);
			name = Products;
			sourceTree = "<group>";
		};
		00C302D41ABCB9D200DB3ED1 /* Products */ = {
			isa = PBXGroup;
			children = (
				00C302DC1ABCB9D200DB3ED1 /* libRCTNetwork.a */,
				00CAD16E1DCA4B29009CDF8F /* libRCTNetwork-tvOS.a */,
			);
			name = Products;
			sourceTree = "<group>";
		};
		00C302E01ABCB9EE00DB3ED1 /* Products */ = {
			isa = PBXGroup;
			children = (
				00C302E41ABCB9EE00DB3ED1 /* libRCTVibration.a */,
			);
			name = Products;
			sourceTree = "<group>";
		};
		00CF91E61E770EF900DD9CBC /* Products */ = {
			isa = PBXGroup;
			children = (
				00CF91EA1E770EF900DD9CBC /* libBVLinearGradient.a */,
				6769508C1F6EE05800EF5057 /* libBVLinearGradient.a */,
			);
			name = Products;
			sourceTree = "<group>";
		};
		00D33BE01DDA58A8001E830E /* UI Tests */ = {
			isa = PBXGroup;
			children = (
				00D33BE31DDA58A8001E830E /* Info.plist */,
				00D33C011DDA5958001E830E /* SnapshotHelper.swift */,
				00D33BE11DDA58A8001E830E /* AllAboutOlafUITests.swift */,
				00D33C001DDA5958001E830E /* AllAboutOlaf-Bridging-Header.h */,
			);
			name = "UI Tests";
			path = AllAboutOlafUITests;
			sourceTree = "<group>";
		};
		00D4C3221EB97C9900733278 /* Products */ = {
			isa = PBXGroup;
			children = (
				00D4C3491EB97C9900733278 /* libRNSearchBar.a */,
			);
			name = Products;
			sourceTree = "<group>";
		};
		00DE0C311E7C3087005F3CE3 /* Products */ = {
			isa = PBXGroup;
			children = (
				00DE0C351E7C3087005F3CE3 /* libBugsnagReactNative.a */,
			);
			name = Products;
			sourceTree = "<group>";
		};
		00F810831EABD6DB008316EB /* Products */ = {
			isa = PBXGroup;
			children = (
				00F810AA1EABD6DB008316EB /* libRNNetworkInfo.a */,
			);
			name = Products;
			sourceTree = "<group>";
		};
		139105B71AF99BAD00B5F7CC /* Products */ = {
			isa = PBXGroup;
			children = (
				139105C11AF99BAD00B5F7CC /* libRCTSettings.a */,
				00CAD1731DCA4B29009CDF8F /* libRCTSettings-tvOS.a */,
			);
			name = Products;
			sourceTree = "<group>";
		};
		139FDEE71B06529A00C62182 /* Products */ = {
			isa = PBXGroup;
			children = (
				139FDEF41B06529B00C62182 /* libRCTWebSocket.a */,
				00CAD17C1DCA4B29009CDF8F /* libRCTWebSocket-tvOS.a */,
				00E9BA3A1FBBB54C00E0DFCD /* libfishhook.a */,
				00E9BA3C1FBBB54C00E0DFCD /* libfishhook-tvOS.a */,
			);
			name = Products;
			sourceTree = "<group>";
		};
		13B07FAE1A68108700A75B9A /* AllAboutOlaf */ = {
			isa = PBXGroup;
			children = (
				00D33BE01DDA58A8001E830E /* UI Tests */,
				13B07FB61A68108700A75B9A /* Info.plist */,
				13B07FAF1A68108700A75B9A /* AppDelegate.h */,
				13B07FB01A68108700A75B9A /* AppDelegate.m */,
				3AE4084F1E1E280800F0FD83 /* LaunchScreen.storyboard */,
				13B07FB51A68108700A75B9A /* Images.xcassets */,
				00C8CB4C1D6EBA1A00E66E20 /* All About Olaf.entitlements */,
				008F07F21AC5B25A0029DE68 /* main.jsbundle */,
				13B07FB71A68108700A75B9A /* main.m */,
			);
			name = AllAboutOlaf;
			sourceTree = "<group>";
		};
		146834001AC3E56700842450 /* Products */ = {
			isa = PBXGroup;
			children = (
				146834041AC3E56700842450 /* libReact.a */,
				00CAD1801DCA4B29009CDF8F /* libReact.a */,
				0035C1031E4F59AE00768B84 /* libyoga.a */,
				0035C1051E4F59AE00768B84 /* libyoga.a */,
				0035C1071E4F59AE00768B84 /* libcxxreact.a */,
				0035C1091E4F59AE00768B84 /* libcxxreact.a */,
				0035C10B1E4F59AE00768B84 /* libjschelpers.a */,
				0035C10D1E4F59AE00768B84 /* libjschelpers.a */,
				00CDE5501F1F041900FEA89E /* libthird-party.a */,
				00E9BA4C1FBBB54C00E0DFCD /* libthird-party.a */,
				00CDE5521F1F041900FEA89E /* libdouble-conversion.a */,
				00E9BA4E1FBBB54C00E0DFCD /* libdouble-conversion.a */,
				00E9BA501FBBB54C00E0DFCD /* libprivatedata.a */,
				00E9BA521FBBB54C00E0DFCD /* libprivatedata-tvOS.a */,
			);
			name = Products;
			sourceTree = "<group>";
		};
		3A0CEA721DEA20340036E739 /* Products */ = {
			isa = PBXGroup;
			children = (
				3A0CEA781DEA20340036E739 /* libRCTAnimation.a */,
				3A0CEA7A1DEA20340036E739 /* libRCTAnimation.a */,
			);
			name = Products;
			sourceTree = "<group>";
		};
		3A9B26421DE3709F00B6A428 /* Products */ = {
			isa = PBXGroup;
			children = (
				3A9B26591DE3709F00B6A428 /* libRNDeviceInfo.a */,
				00E9BA581FBBB54C00E0DFCD /* libRNDeviceInfo-tvOS.a */,
			);
			name = Products;
			sourceTree = "<group>";
		};
		3C5BFA21338636E7EB4E5E0D /* Frameworks */ = {
			isa = PBXGroup;
			children = (
				00273CA31F38070F00E42F92 /* CoreFoundation.framework */,
				00273CA11F3806FF00E42F92 /* EventKit.framework */,
				000296221E270BF0000909F2 /* libsqlite3.0.tbd */,
				000296201E270BE4000909F2 /* libz.tbd */,
				0002961E1E270BD9000909F2 /* SystemConfiguration.framework */,
				0002961C1E270BD1000909F2 /* CoreData.framework */,
			);
			name = Frameworks;
			sourceTree = "<group>";
		};
		5A41494DACBB4D2795B46DE0 /* Resources */ = {
			isa = PBXGroup;
			children = (
				742B362B86E443C09A7F9FD9 /* Entypo.ttf */,
				E6FBE71A05CC43E2B4885180 /* Ionicons.ttf */,
			);
			name = Resources;
			sourceTree = "<group>";
		};
		67990B461EC0FE7A001F5261 /* Products */ = {
			isa = PBXGroup;
			children = (
				67990B4A1EC0FE7A001F5261 /* libAirMaps.a */,
			);
			name = Products;
			sourceTree = "<group>";
		};
		78C398B11ACF4ADC00677621 /* Products */ = {
			isa = PBXGroup;
			children = (
				78C398B91ACF4ADC00677621 /* libRCTLinking.a */,
				00CAD16A1DCA4B29009CDF8F /* libRCTLinking-tvOS.a */,
			);
			name = Products;
			sourceTree = "<group>";
		};
		832341AE1AAA6A7D00B99B32 /* Libraries */ = {
			isa = PBXGroup;
			children = (
				36AB9BDB6CF1449E997C6D74 /* AirMaps.xcodeproj */,
				59C781128E0B476A8826CD12 /* BugsnagReactNative.xcodeproj */,
				C1122D5F37D247E09037EE31 /* BVLinearGradient.xcodeproj */,
				00C302A71ABCB8CE00DB3ED1 /* RCTActionSheet.xcodeproj */,
				3A0CEA711DEA20340036E739 /* RCTAnimation.xcodeproj */,
				00C302B51ABCB90400DB3ED1 /* RCTGeolocation.xcodeproj */,
				150D47C893AB4ACBA45D7AF8 /* RCTGoogleAnalyticsBridge.xcodeproj */,
				00C302BB1ABCB91800DB3ED1 /* RCTImage.xcodeproj */,
				78C398B01ACF4ADC00677621 /* RCTLinking.xcodeproj */,
				00C302D31ABCB9D200DB3ED1 /* RCTNetwork.xcodeproj */,
				916377371C784A9B8A7A1F5C /* RCTOneSignal.xcodeproj */,
				DBE3B3C3883845C787D391C2 /* RCTRestart.xcodeproj */,
				139105B61AF99BAD00B5F7CC /* RCTSettings.xcodeproj */,
				832341B01AAA6A8300B99B32 /* RCTText.xcodeproj */,
				00C302DF1ABCB9EE00DB3ED1 /* RCTVibration.xcodeproj */,
				139FDEE61B06529A00C62182 /* RCTWebSocket.xcodeproj */,
				146833FF1AC3E56700842450 /* React.xcodeproj */,
				CE0A6E16923B40C9930B546C /* ReactNativeCustomTabs.xcodeproj */,
				23880A5682F24328A190720F /* RNCalendarEvents.xcodeproj */,
				828A2E49D4E3430FB2853AFF /* RNDeviceInfo.xcodeproj */,
				2560C43708D64866AA01FCC8 /* RNKeychain.xcodeproj */,
				7CEE763ECB05435E8CD79870 /* RNNetworkInfo.xcodeproj */,
				E288E9E30083441F948E40BF /* RNSearchBar.xcodeproj */,
				71D5CCADA66D45008D9A38F2 /* RNVectorIcons.xcodeproj */,
				89FC2AFC0A394CFFAE89242D /* SafariViewManager.xcodeproj */,
			);
			name = Libraries;
			sourceTree = "<group>";
		};
		832341B11AAA6A8300B99B32 /* Products */ = {
			isa = PBXGroup;
			children = (
				832341B51AAA6A8300B99B32 /* libRCTText.a */,
				00CAD1771DCA4B29009CDF8F /* libRCTText-tvOS.a */,
			);
			name = Products;
			sourceTree = "<group>";
		};
		83CBB9F61A601CBA00E9B192 = {
			isa = PBXGroup;
			children = (
				13B07FAE1A68108700A75B9A /* AllAboutOlaf */,
				832341AE1AAA6A7D00B99B32 /* Libraries */,
				83CBBA001A601CBA00E9B192 /* Products */,
				5A41494DACBB4D2795B46DE0 /* Resources */,
				3C5BFA21338636E7EB4E5E0D /* Frameworks */,
			);
			indentWidth = 2;
			sourceTree = "<group>";
			tabWidth = 2;
		};
		83CBBA001A601CBA00E9B192 /* Products */ = {
			isa = PBXGroup;
			children = (
				13B07F961A680F5B00A75B9A /* AllAboutOlaf.app */,
				00D33BDF1DDA58A8001E830E /* AllAboutOlafUITests.xctest */,
			);
			name = Products;
			sourceTree = "<group>";
		};
/* End PBXGroup section */

/* Begin PBXNativeTarget section */
		00D33BDE1DDA58A8001E830E /* AllAboutOlafUITests */ = {
			isa = PBXNativeTarget;
			buildConfigurationList = 00D33BFF1DDA58A8001E830E /* Build configuration list for PBXNativeTarget "AllAboutOlafUITests" */;
			buildPhases = (
				00D33BDB1DDA58A8001E830E /* Sources */,
				00D33BDC1DDA58A8001E830E /* Frameworks */,
				00D33BDD1DDA58A8001E830E /* Resources */,
			);
			buildRules = (
			);
			dependencies = (
				00D33BE51DDA58A8001E830E /* PBXTargetDependency */,
			);
			name = AllAboutOlafUITests;
			productName = AllAboutOlafUITests;
			productReference = 00D33BDF1DDA58A8001E830E /* AllAboutOlafUITests.xctest */;
			productType = "com.apple.product-type.bundle.ui-testing";
		};
		13B07F861A680F5B00A75B9A /* AllAboutOlaf */ = {
			isa = PBXNativeTarget;
			buildConfigurationList = 13B07F931A680F5B00A75B9A /* Build configuration list for PBXNativeTarget "AllAboutOlaf" */;
			buildPhases = (
				13B07F871A680F5B00A75B9A /* Sources */,
				13B07F8C1A680F5B00A75B9A /* Frameworks */,
				13B07F8E1A680F5B00A75B9A /* Resources */,
				6776346D1ECC93FA00C6F018 /* Bundle Data Files */,
				00DD1BFF1BD5951E006B06BC /* Bundle React Native code and images */,
			);
			buildRules = (
			);
			dependencies = (
			);
			name = AllAboutOlaf;
			productName = "Hello World";
			productReference = 13B07F961A680F5B00A75B9A /* AllAboutOlaf.app */;
			productType = "com.apple.product-type.application";
		};
/* End PBXNativeTarget section */

/* Begin PBXProject section */
		83CBB9F71A601CBA00E9B192 /* Project object */ = {
			isa = PBXProject;
			attributes = {
				LastSwiftUpdateCheck = 0810;
				LastUpgradeCheck = 0910;
				ORGANIZATIONNAME = Facebook;
				TargetAttributes = {
					00D33BDE1DDA58A8001E830E = {
						CreatedOnToolsVersion = 8.1;
						ProvisioningStyle = Automatic;
						TestTargetID = 13B07F861A680F5B00A75B9A;
					};
					13B07F861A680F5B00A75B9A = {
						DevelopmentTeam = TMK6S7TPX2;
						LastSwiftMigration = 0810;
						ProvisioningStyle = Manual;
						SystemCapabilities = {
							com.apple.BackgroundModes = {
								enabled = 1;
							};
							com.apple.Push = {
								enabled = 1;
							};
						};
					};
				};
			};
			buildConfigurationList = 83CBB9FA1A601CBA00E9B192 /* Build configuration list for PBXProject "AllAboutOlaf" */;
			compatibilityVersion = "Xcode 3.2";
			developmentRegion = English;
			hasScannedForEncodings = 0;
			knownRegions = (
				en,
				Base,
			);
			mainGroup = 83CBB9F61A601CBA00E9B192;
			productRefGroup = 83CBBA001A601CBA00E9B192 /* Products */;
			projectDirPath = "";
			projectReferences = (
				{
					ProductGroup = 67990B461EC0FE7A001F5261 /* Products */;
					ProjectRef = 36AB9BDB6CF1449E997C6D74 /* AirMaps.xcodeproj */;
				},
				{
					ProductGroup = 00DE0C311E7C3087005F3CE3 /* Products */;
					ProjectRef = 59C781128E0B476A8826CD12 /* BugsnagReactNative.xcodeproj */;
				},
				{
					ProductGroup = 00CF91E61E770EF900DD9CBC /* Products */;
					ProjectRef = C1122D5F37D247E09037EE31 /* BVLinearGradient.xcodeproj */;
				},
				{
					ProductGroup = 00C302A81ABCB8CE00DB3ED1 /* Products */;
					ProjectRef = 00C302A71ABCB8CE00DB3ED1 /* RCTActionSheet.xcodeproj */;
				},
				{
					ProductGroup = 3A0CEA721DEA20340036E739 /* Products */;
					ProjectRef = 3A0CEA711DEA20340036E739 /* RCTAnimation.xcodeproj */;
				},
				{
					ProductGroup = 00C302B61ABCB90400DB3ED1 /* Products */;
					ProjectRef = 00C302B51ABCB90400DB3ED1 /* RCTGeolocation.xcodeproj */;
				},
				{
					ProductGroup = 000295FD1E270B8A000909F2 /* Products */;
					ProjectRef = 150D47C893AB4ACBA45D7AF8 /* RCTGoogleAnalyticsBridge.xcodeproj */;
				},
				{
					ProductGroup = 00C302BC1ABCB91800DB3ED1 /* Products */;
					ProjectRef = 00C302BB1ABCB91800DB3ED1 /* RCTImage.xcodeproj */;
				},
				{
					ProductGroup = 78C398B11ACF4ADC00677621 /* Products */;
					ProjectRef = 78C398B01ACF4ADC00677621 /* RCTLinking.xcodeproj */;
				},
				{
					ProductGroup = 00C302D41ABCB9D200DB3ED1 /* Products */;
					ProjectRef = 00C302D31ABCB9D200DB3ED1 /* RCTNetwork.xcodeproj */;
				},
				{
					ProductGroup = 00158A811E4FAE9E00F78C7B /* Products */;
					ProjectRef = 916377371C784A9B8A7A1F5C /* RCTOneSignal.xcodeproj */;
				},
				{
					ProductGroup = 006118441EE51CD100638440 /* Products */;
					ProjectRef = DBE3B3C3883845C787D391C2 /* RCTRestart.xcodeproj */;
				},
				{
					ProductGroup = 139105B71AF99BAD00B5F7CC /* Products */;
					ProjectRef = 139105B61AF99BAD00B5F7CC /* RCTSettings.xcodeproj */;
				},
				{
					ProductGroup = 832341B11AAA6A8300B99B32 /* Products */;
					ProjectRef = 832341B01AAA6A8300B99B32 /* RCTText.xcodeproj */;
				},
				{
					ProductGroup = 00C302E01ABCB9EE00DB3ED1 /* Products */;
					ProjectRef = 00C302DF1ABCB9EE00DB3ED1 /* RCTVibration.xcodeproj */;
				},
				{
					ProductGroup = 139FDEE71B06529A00C62182 /* Products */;
					ProjectRef = 139FDEE61B06529A00C62182 /* RCTWebSocket.xcodeproj */;
				},
				{
					ProductGroup = 146834001AC3E56700842450 /* Products */;
					ProjectRef = 146833FF1AC3E56700842450 /* React.xcodeproj */;
				},
				{
					ProductGroup = 009845991E5DEE6800194E4A /* Products */;
					ProjectRef = CE0A6E16923B40C9930B546C /* ReactNativeCustomTabs.xcodeproj */;
				},
				{
					ProductGroup = 00273C701F3806C700E42F92 /* Products */;
					ProjectRef = 23880A5682F24328A190720F /* RNCalendarEvents.xcodeproj */;
				},
				{
					ProductGroup = 3A9B26421DE3709F00B6A428 /* Products */;
					ProjectRef = 828A2E49D4E3430FB2853AFF /* RNDeviceInfo.xcodeproj */;
				},
				{
					ProductGroup = 00158A7F1E4FAE9E00F78C7B /* Products */;
					ProjectRef = 2560C43708D64866AA01FCC8 /* RNKeychain.xcodeproj */;
				},
				{
					ProductGroup = 0027B0931D5C82AA00C2B4FD /* Products */;
					ProjectRef = A91038679F834707B769D282 /* RNKeychain.xcodeproj */;
				},
				{
					ProductGroup = 00F810831EABD6DB008316EB /* Products */;
					ProjectRef = 7CEE763ECB05435E8CD79870 /* RNNetworkInfo.xcodeproj */;
				},
				{
					ProductGroup = 00D4C3221EB97C9900733278 /* Products */;
					ProjectRef = E288E9E30083441F948E40BF /* RNSearchBar.xcodeproj */;
				},
				{
					ProductGroup = 0027B0951D5C82AA00C2B4FD /* Products */;
					ProjectRef = 71D5CCADA66D45008D9A38F2 /* RNVectorIcons.xcodeproj */;
				},
				{
					ProductGroup = 008413661D5C3AC30034750D /* Products */;
					ProjectRef = 43E420DADB24468C9E296F25 /* RNVectorIcons.xcodeproj */;
				},
				{
					ProductGroup = 009845971E5DEE6800194E4A /* Products */;
					ProjectRef = 89FC2AFC0A394CFFAE89242D /* SafariViewManager.xcodeproj */;
				},
			);
			projectRoot = "";
			targets = (
				13B07F861A680F5B00A75B9A /* AllAboutOlaf */,
				00D33BDE1DDA58A8001E830E /* AllAboutOlafUITests */,
			);
		};
/* End PBXProject section */

/* Begin PBXReferenceProxy section */
		000296051E270B8A000909F2 /* libRCTGoogleAnalyticsBridge.a */ = {
			isa = PBXReferenceProxy;
			fileType = archive.ar;
			path = libRCTGoogleAnalyticsBridge.a;
			remoteRef = 000296041E270B8A000909F2 /* PBXContainerItemProxy */;
			sourceTree = BUILT_PRODUCTS_DIR;
		};
		00158A901E4FAE9E00F78C7B /* libRCTOneSignal.a */ = {
			isa = PBXReferenceProxy;
			fileType = archive.ar;
			path = libRCTOneSignal.a;
			remoteRef = 00158A8F1E4FAE9E00F78C7B /* PBXContainerItemProxy */;
			sourceTree = BUILT_PRODUCTS_DIR;
		};
		00158AA31E4FAE9E00F78C7B /* libRNKeychain.a */ = {
			isa = PBXReferenceProxy;
			fileType = archive.ar;
			path = libRNKeychain.a;
			remoteRef = 00158AA21E4FAE9E00F78C7B /* PBXContainerItemProxy */;
			sourceTree = BUILT_PRODUCTS_DIR;
		};
		00158AA61E4FAE9E00F78C7B /* libRNKeychain.a */ = {
			isa = PBXReferenceProxy;
			fileType = archive.ar;
			path = libRNKeychain.a;
			remoteRef = 00158AA51E4FAE9E00F78C7B /* PBXContainerItemProxy */;
			sourceTree = BUILT_PRODUCTS_DIR;
		};
		00273C971F3806C700E42F92 /* libRNCalendarEvents.a */ = {
			isa = PBXReferenceProxy;
			fileType = archive.ar;
			path = libRNCalendarEvents.a;
			remoteRef = 00273C961F3806C700E42F92 /* PBXContainerItemProxy */;
			sourceTree = BUILT_PRODUCTS_DIR;
		};
		0027B0A71D5C82AA00C2B4FD /* libRNVectorIcons.a */ = {
			isa = PBXReferenceProxy;
			fileType = archive.ar;
			path = libRNVectorIcons.a;
			remoteRef = 0027B0A61D5C82AA00C2B4FD /* PBXContainerItemProxy */;
			sourceTree = BUILT_PRODUCTS_DIR;
		};
		0035C1031E4F59AE00768B84 /* libyoga.a */ = {
			isa = PBXReferenceProxy;
			fileType = archive.ar;
			path = libyoga.a;
			remoteRef = 0035C1021E4F59AE00768B84 /* PBXContainerItemProxy */;
			sourceTree = BUILT_PRODUCTS_DIR;
		};
		0035C1051E4F59AE00768B84 /* libyoga.a */ = {
			isa = PBXReferenceProxy;
			fileType = archive.ar;
			path = libyoga.a;
			remoteRef = 0035C1041E4F59AE00768B84 /* PBXContainerItemProxy */;
			sourceTree = BUILT_PRODUCTS_DIR;
		};
		0035C1071E4F59AE00768B84 /* libcxxreact.a */ = {
			isa = PBXReferenceProxy;
			fileType = archive.ar;
			path = libcxxreact.a;
			remoteRef = 0035C1061E4F59AE00768B84 /* PBXContainerItemProxy */;
			sourceTree = BUILT_PRODUCTS_DIR;
		};
		0035C1091E4F59AE00768B84 /* libcxxreact.a */ = {
			isa = PBXReferenceProxy;
			fileType = archive.ar;
			path = libcxxreact.a;
			remoteRef = 0035C1081E4F59AE00768B84 /* PBXContainerItemProxy */;
			sourceTree = BUILT_PRODUCTS_DIR;
		};
		0035C10B1E4F59AE00768B84 /* libjschelpers.a */ = {
			isa = PBXReferenceProxy;
			fileType = archive.ar;
			path = libjschelpers.a;
			remoteRef = 0035C10A1E4F59AE00768B84 /* PBXContainerItemProxy */;
			sourceTree = BUILT_PRODUCTS_DIR;
		};
		0035C10D1E4F59AE00768B84 /* libjschelpers.a */ = {
			isa = PBXReferenceProxy;
			fileType = archive.ar;
			path = libjschelpers.a;
			remoteRef = 0035C10C1E4F59AE00768B84 /* PBXContainerItemProxy */;
			sourceTree = BUILT_PRODUCTS_DIR;
		};
		006118581EE51CD100638440 /* libRCTRestart.a */ = {
			isa = PBXReferenceProxy;
			fileType = archive.ar;
			path = libRCTRestart.a;
			remoteRef = 006118571EE51CD100638440 /* PBXContainerItemProxy */;
			sourceTree = BUILT_PRODUCTS_DIR;
		};
		008413791D5C3AC30034750D /* libRNVectorIcons.a */ = {
			isa = PBXReferenceProxy;
			fileType = archive.ar;
			path = libRNVectorIcons.a;
			remoteRef = 008413781D5C3AC30034750D /* PBXContainerItemProxy */;
			sourceTree = BUILT_PRODUCTS_DIR;
		};
		009845B91E5DEE6800194E4A /* libDBCustomTabs.a */ = {
			isa = PBXReferenceProxy;
			fileType = archive.ar;
			path = libDBCustomTabs.a;
			remoteRef = 009845B81E5DEE6800194E4A /* PBXContainerItemProxy */;
			sourceTree = BUILT_PRODUCTS_DIR;
		};
		009845C11E5DEE6800194E4A /* libSafariViewManager.a */ = {
			isa = PBXReferenceProxy;
			fileType = archive.ar;
			path = libSafariViewManager.a;
			remoteRef = 009845C01E5DEE6800194E4A /* PBXContainerItemProxy */;
			sourceTree = BUILT_PRODUCTS_DIR;
		};
		00C302AC1ABCB8CE00DB3ED1 /* libRCTActionSheet.a */ = {
			isa = PBXReferenceProxy;
			fileType = archive.ar;
			path = libRCTActionSheet.a;
			remoteRef = 00C302AB1ABCB8CE00DB3ED1 /* PBXContainerItemProxy */;
			sourceTree = BUILT_PRODUCTS_DIR;
		};
		00C302BA1ABCB90400DB3ED1 /* libRCTGeolocation.a */ = {
			isa = PBXReferenceProxy;
			fileType = archive.ar;
			path = libRCTGeolocation.a;
			remoteRef = 00C302B91ABCB90400DB3ED1 /* PBXContainerItemProxy */;
			sourceTree = BUILT_PRODUCTS_DIR;
		};
		00C302C01ABCB91800DB3ED1 /* libRCTImage.a */ = {
			isa = PBXReferenceProxy;
			fileType = archive.ar;
			path = libRCTImage.a;
			remoteRef = 00C302BF1ABCB91800DB3ED1 /* PBXContainerItemProxy */;
			sourceTree = BUILT_PRODUCTS_DIR;
		};
		00C302DC1ABCB9D200DB3ED1 /* libRCTNetwork.a */ = {
			isa = PBXReferenceProxy;
			fileType = archive.ar;
			path = libRCTNetwork.a;
			remoteRef = 00C302DB1ABCB9D200DB3ED1 /* PBXContainerItemProxy */;
			sourceTree = BUILT_PRODUCTS_DIR;
		};
		00C302E41ABCB9EE00DB3ED1 /* libRCTVibration.a */ = {
			isa = PBXReferenceProxy;
			fileType = archive.ar;
			path = libRCTVibration.a;
			remoteRef = 00C302E31ABCB9EE00DB3ED1 /* PBXContainerItemProxy */;
			sourceTree = BUILT_PRODUCTS_DIR;
		};
		00CAD1661DCA4B29009CDF8F /* libRCTImage-tvOS.a */ = {
			isa = PBXReferenceProxy;
			fileType = archive.ar;
			path = "libRCTImage-tvOS.a";
			remoteRef = 00CAD1651DCA4B29009CDF8F /* PBXContainerItemProxy */;
			sourceTree = BUILT_PRODUCTS_DIR;
		};
		00CAD16A1DCA4B29009CDF8F /* libRCTLinking-tvOS.a */ = {
			isa = PBXReferenceProxy;
			fileType = archive.ar;
			path = "libRCTLinking-tvOS.a";
			remoteRef = 00CAD1691DCA4B29009CDF8F /* PBXContainerItemProxy */;
			sourceTree = BUILT_PRODUCTS_DIR;
		};
		00CAD16E1DCA4B29009CDF8F /* libRCTNetwork-tvOS.a */ = {
			isa = PBXReferenceProxy;
			fileType = archive.ar;
			path = "libRCTNetwork-tvOS.a";
			remoteRef = 00CAD16D1DCA4B29009CDF8F /* PBXContainerItemProxy */;
			sourceTree = BUILT_PRODUCTS_DIR;
		};
		00CAD1731DCA4B29009CDF8F /* libRCTSettings-tvOS.a */ = {
			isa = PBXReferenceProxy;
			fileType = archive.ar;
			path = "libRCTSettings-tvOS.a";
			remoteRef = 00CAD1721DCA4B29009CDF8F /* PBXContainerItemProxy */;
			sourceTree = BUILT_PRODUCTS_DIR;
		};
		00CAD1771DCA4B29009CDF8F /* libRCTText-tvOS.a */ = {
			isa = PBXReferenceProxy;
			fileType = archive.ar;
			path = "libRCTText-tvOS.a";
			remoteRef = 00CAD1761DCA4B29009CDF8F /* PBXContainerItemProxy */;
			sourceTree = BUILT_PRODUCTS_DIR;
		};
		00CAD17C1DCA4B29009CDF8F /* libRCTWebSocket-tvOS.a */ = {
			isa = PBXReferenceProxy;
			fileType = archive.ar;
			path = "libRCTWebSocket-tvOS.a";
			remoteRef = 00CAD17B1DCA4B29009CDF8F /* PBXContainerItemProxy */;
			sourceTree = BUILT_PRODUCTS_DIR;
		};
		00CAD1801DCA4B29009CDF8F /* libReact.a */ = {
			isa = PBXReferenceProxy;
			fileType = archive.ar;
			path = libReact.a;
			remoteRef = 00CAD17F1DCA4B29009CDF8F /* PBXContainerItemProxy */;
			sourceTree = BUILT_PRODUCTS_DIR;
		};
		00CDE5501F1F041900FEA89E /* libthird-party.a */ = {
			isa = PBXReferenceProxy;
			fileType = archive.ar;
			path = "libthird-party.a";
			remoteRef = 00CDE54F1F1F041900FEA89E /* PBXContainerItemProxy */;
			sourceTree = BUILT_PRODUCTS_DIR;
		};
		00CDE5521F1F041900FEA89E /* libdouble-conversion.a */ = {
			isa = PBXReferenceProxy;
			fileType = archive.ar;
			path = "libdouble-conversion.a";
			remoteRef = 00CDE5511F1F041900FEA89E /* PBXContainerItemProxy */;
			sourceTree = BUILT_PRODUCTS_DIR;
		};
		00CF91EA1E770EF900DD9CBC /* libBVLinearGradient.a */ = {
			isa = PBXReferenceProxy;
			fileType = archive.ar;
			path = libBVLinearGradient.a;
			remoteRef = 00CF91E91E770EF900DD9CBC /* PBXContainerItemProxy */;
			sourceTree = BUILT_PRODUCTS_DIR;
		};
		00D4C3491EB97C9900733278 /* libRNSearchBar.a */ = {
			isa = PBXReferenceProxy;
			fileType = archive.ar;
			path = libRNSearchBar.a;
			remoteRef = 00D4C3481EB97C9900733278 /* PBXContainerItemProxy */;
			sourceTree = BUILT_PRODUCTS_DIR;
		};
		00DE0C351E7C3087005F3CE3 /* libBugsnagReactNative.a */ = {
			isa = PBXReferenceProxy;
			fileType = archive.ar;
			path = libBugsnagReactNative.a;
			remoteRef = 00DE0C341E7C3087005F3CE3 /* PBXContainerItemProxy */;
			sourceTree = BUILT_PRODUCTS_DIR;
		};
		00E9BA3A1FBBB54C00E0DFCD /* libfishhook.a */ = {
			isa = PBXReferenceProxy;
			fileType = archive.ar;
			path = libfishhook.a;
			remoteRef = 00E9BA391FBBB54C00E0DFCD /* PBXContainerItemProxy */;
			sourceTree = BUILT_PRODUCTS_DIR;
		};
		00E9BA3C1FBBB54C00E0DFCD /* libfishhook-tvOS.a */ = {
			isa = PBXReferenceProxy;
			fileType = archive.ar;
			path = "libfishhook-tvOS.a";
			remoteRef = 00E9BA3B1FBBB54C00E0DFCD /* PBXContainerItemProxy */;
			sourceTree = BUILT_PRODUCTS_DIR;
		};
		00E9BA4C1FBBB54C00E0DFCD /* libthird-party.a */ = {
			isa = PBXReferenceProxy;
			fileType = archive.ar;
			path = "libthird-party.a";
			remoteRef = 00E9BA4B1FBBB54C00E0DFCD /* PBXContainerItemProxy */;
			sourceTree = BUILT_PRODUCTS_DIR;
		};
		00E9BA4E1FBBB54C00E0DFCD /* libdouble-conversion.a */ = {
			isa = PBXReferenceProxy;
			fileType = archive.ar;
			path = "libdouble-conversion.a";
			remoteRef = 00E9BA4D1FBBB54C00E0DFCD /* PBXContainerItemProxy */;
			sourceTree = BUILT_PRODUCTS_DIR;
		};
		00E9BA501FBBB54C00E0DFCD /* libprivatedata.a */ = {
			isa = PBXReferenceProxy;
			fileType = archive.ar;
			path = libprivatedata.a;
			remoteRef = 00E9BA4F1FBBB54C00E0DFCD /* PBXContainerItemProxy */;
			sourceTree = BUILT_PRODUCTS_DIR;
		};
		00E9BA521FBBB54C00E0DFCD /* libprivatedata-tvOS.a */ = {
			isa = PBXReferenceProxy;
			fileType = archive.ar;
			path = "libprivatedata-tvOS.a";
			remoteRef = 00E9BA511FBBB54C00E0DFCD /* PBXContainerItemProxy */;
			sourceTree = BUILT_PRODUCTS_DIR;
		};
		00E9BA581FBBB54C00E0DFCD /* libRNDeviceInfo-tvOS.a */ = {
			isa = PBXReferenceProxy;
			fileType = archive.ar;
			path = "libRNDeviceInfo-tvOS.a";
			remoteRef = 00E9BA571FBBB54C00E0DFCD /* PBXContainerItemProxy */;
			sourceTree = BUILT_PRODUCTS_DIR;
		};
		00F810AA1EABD6DB008316EB /* libRNNetworkInfo.a */ = {
			isa = PBXReferenceProxy;
			fileType = archive.ar;
			path = libRNNetworkInfo.a;
			remoteRef = 00F810A91EABD6DB008316EB /* PBXContainerItemProxy */;
			sourceTree = BUILT_PRODUCTS_DIR;
		};
		139105C11AF99BAD00B5F7CC /* libRCTSettings.a */ = {
			isa = PBXReferenceProxy;
			fileType = archive.ar;
			path = libRCTSettings.a;
			remoteRef = 139105C01AF99BAD00B5F7CC /* PBXContainerItemProxy */;
			sourceTree = BUILT_PRODUCTS_DIR;
		};
		139FDEF41B06529B00C62182 /* libRCTWebSocket.a */ = {
			isa = PBXReferenceProxy;
			fileType = archive.ar;
			path = libRCTWebSocket.a;
			remoteRef = 139FDEF31B06529B00C62182 /* PBXContainerItemProxy */;
			sourceTree = BUILT_PRODUCTS_DIR;
		};
		146834041AC3E56700842450 /* libReact.a */ = {
			isa = PBXReferenceProxy;
			fileType = archive.ar;
			path = libReact.a;
			remoteRef = 146834031AC3E56700842450 /* PBXContainerItemProxy */;
			sourceTree = BUILT_PRODUCTS_DIR;
		};
		3A0CEA781DEA20340036E739 /* libRCTAnimation.a */ = {
			isa = PBXReferenceProxy;
			fileType = archive.ar;
			path = libRCTAnimation.a;
			remoteRef = 3A0CEA771DEA20340036E739 /* PBXContainerItemProxy */;
			sourceTree = BUILT_PRODUCTS_DIR;
		};
		3A0CEA7A1DEA20340036E739 /* libRCTAnimation.a */ = {
			isa = PBXReferenceProxy;
			fileType = archive.ar;
			path = libRCTAnimation.a;
			remoteRef = 3A0CEA791DEA20340036E739 /* PBXContainerItemProxy */;
			sourceTree = BUILT_PRODUCTS_DIR;
		};
		3A9B26591DE3709F00B6A428 /* libRNDeviceInfo.a */ = {
			isa = PBXReferenceProxy;
			fileType = archive.ar;
			path = libRNDeviceInfo.a;
			remoteRef = 3A9B26581DE3709F00B6A428 /* PBXContainerItemProxy */;
			sourceTree = BUILT_PRODUCTS_DIR;
		};
		6769508C1F6EE05800EF5057 /* libBVLinearGradient.a */ = {
			isa = PBXReferenceProxy;
			fileType = archive.ar;
			path = libBVLinearGradient.a;
			remoteRef = 6769508B1F6EE05800EF5057 /* PBXContainerItemProxy */;
			sourceTree = BUILT_PRODUCTS_DIR;
		};
		67990B4A1EC0FE7A001F5261 /* libAirMaps.a */ = {
			isa = PBXReferenceProxy;
			fileType = archive.ar;
			path = libAirMaps.a;
			remoteRef = 67990B491EC0FE7A001F5261 /* PBXContainerItemProxy */;
			sourceTree = BUILT_PRODUCTS_DIR;
		};
		78C398B91ACF4ADC00677621 /* libRCTLinking.a */ = {
			isa = PBXReferenceProxy;
			fileType = archive.ar;
			path = libRCTLinking.a;
			remoteRef = 78C398B81ACF4ADC00677621 /* PBXContainerItemProxy */;
			sourceTree = BUILT_PRODUCTS_DIR;
		};
		832341B51AAA6A8300B99B32 /* libRCTText.a */ = {
			isa = PBXReferenceProxy;
			fileType = archive.ar;
			path = libRCTText.a;
			remoteRef = 832341B41AAA6A8300B99B32 /* PBXContainerItemProxy */;
			sourceTree = BUILT_PRODUCTS_DIR;
		};
/* End PBXReferenceProxy section */

/* Begin PBXResourcesBuildPhase section */
		00D33BDD1DDA58A8001E830E /* Resources */ = {
			isa = PBXResourcesBuildPhase;
			buildActionMask = 2147483647;
			files = (
			);
			runOnlyForDeploymentPostprocessing = 0;
		};
		13B07F8E1A680F5B00A75B9A /* Resources */ = {
			isa = PBXResourcesBuildPhase;
			buildActionMask = 2147483647;
			files = (
				13B07FBF1A68108700A75B9A /* Images.xcassets in Resources */,
				BBDFD91C684046CB9FD0CD55 /* Entypo.ttf in Resources */,
				23787DFEFF9747949AE97A42 /* Ionicons.ttf in Resources */,
				3AE408501E1E280800F0FD83 /* LaunchScreen.storyboard in Resources */,
			);
			runOnlyForDeploymentPostprocessing = 0;
		};
/* End PBXResourcesBuildPhase section */

/* Begin PBXShellScriptBuildPhase section */
		00DD1BFF1BD5951E006B06BC /* Bundle React Native code and images */ = {
			isa = PBXShellScriptBuildPhase;
			buildActionMask = 2147483647;
			files = (
			);
			inputPaths = (
			);
			name = "Bundle React Native code and images";
			outputPaths = (
			);
			runOnlyForDeploymentPostprocessing = 0;
			shellPath = /bin/sh;
			shellScript = "export NODE_BINARY=node\n../node_modules/react-native/scripts/react-native-xcode.sh";
		};
		6776346D1ECC93FA00C6F018 /* Bundle Data Files */ = {
			isa = PBXShellScriptBuildPhase;
			buildActionMask = 2147483647;
			files = (
			);
			inputPaths = (
			);
			name = "Bundle Data Files";
			outputPaths = (
			);
			runOnlyForDeploymentPostprocessing = 0;
			shellPath = /bin/sh;
			shellScript = "npm run bundle-data";
		};
/* End PBXShellScriptBuildPhase section */

/* Begin PBXSourcesBuildPhase section */
		00D33BDB1DDA58A8001E830E /* Sources */ = {
			isa = PBXSourcesBuildPhase;
			buildActionMask = 2147483647;
			files = (
				00D33BE21DDA58A8001E830E /* AllAboutOlafUITests.swift in Sources */,
				00D33C031DDA598B001E830E /* SnapshotHelper.swift in Sources */,
			);
			runOnlyForDeploymentPostprocessing = 0;
		};
		13B07F871A680F5B00A75B9A /* Sources */ = {
			isa = PBXSourcesBuildPhase;
			buildActionMask = 2147483647;
			files = (
				13B07FBC1A68108700A75B9A /* AppDelegate.m in Sources */,
				13B07FC11A68108700A75B9A /* main.m in Sources */,
			);
			runOnlyForDeploymentPostprocessing = 0;
		};
/* End PBXSourcesBuildPhase section */

/* Begin PBXTargetDependency section */
		00D33BE51DDA58A8001E830E /* PBXTargetDependency */ = {
			isa = PBXTargetDependency;
			target = 13B07F861A680F5B00A75B9A /* AllAboutOlaf */;
			targetProxy = 00D33BE41DDA58A8001E830E /* PBXContainerItemProxy */;
		};
/* End PBXTargetDependency section */

/* Begin XCBuildConfiguration section */
		00D33BE61DDA58A8001E830E /* Debug */ = {
			isa = XCBuildConfiguration;
			buildSettings = {
				CLANG_ANALYZER_NONNULL = YES;
				CLANG_WARN_DOCUMENTATION_COMMENTS = YES;
				CLANG_WARN_SUSPICIOUS_MOVES = YES;
				DEBUG_INFORMATION_FORMAT = dwarf;
				INFOPLIST_FILE = AllAboutOlafUITests/Info.plist;
				IPHONEOS_DEPLOYMENT_TARGET = 10.1;
				LD_RUNPATH_SEARCH_PATHS = "$(inherited) @executable_path/Frameworks @loader_path/Frameworks";
				LIBRARY_SEARCH_PATHS = (
					"$(inherited)",
					"\"$(SRCROOT)/$(TARGET_NAME)\"",
				);
				PRODUCT_BUNDLE_IDENTIFIER = "hawkrives.All-About-Olaf-UI-Tests";
				PRODUCT_NAME = "$(TARGET_NAME)";
				SWIFT_ACTIVE_COMPILATION_CONDITIONS = DEBUG;
				SWIFT_OPTIMIZATION_LEVEL = "-Onone";
				SWIFT_VERSION = 3.0;
				TEST_TARGET_NAME = AllAboutOlaf;
			};
			name = Debug;
		};
		00D33BE71DDA58A8001E830E /* Release */ = {
			isa = XCBuildConfiguration;
			buildSettings = {
				CLANG_ANALYZER_NONNULL = YES;
				CLANG_WARN_DOCUMENTATION_COMMENTS = YES;
				CLANG_WARN_SUSPICIOUS_MOVES = YES;
				COPY_PHASE_STRIP = NO;
				DEBUG_INFORMATION_FORMAT = "dwarf-with-dsym";
				INFOPLIST_FILE = AllAboutOlafUITests/Info.plist;
				IPHONEOS_DEPLOYMENT_TARGET = 10.1;
				LD_RUNPATH_SEARCH_PATHS = "$(inherited) @executable_path/Frameworks @loader_path/Frameworks";
				LIBRARY_SEARCH_PATHS = (
					"$(inherited)",
					"\"$(SRCROOT)/$(TARGET_NAME)\"",
				);
				PRODUCT_BUNDLE_IDENTIFIER = "hawkrives.All-About-Olaf-UI-Tests";
				PRODUCT_NAME = "$(TARGET_NAME)";
				SWIFT_OPTIMIZATION_LEVEL = "-Owholemodule";
				SWIFT_VERSION = 3.0;
				TEST_TARGET_NAME = AllAboutOlaf;
			};
			name = Release;
		};
		13B07F941A680F5B00A75B9A /* Debug */ = {
			isa = XCBuildConfiguration;
			buildSettings = {
				ASSETCATALOG_COMPILER_APPICON_NAME = AppIcon;
				CLANG_ENABLE_MODULES = YES;
				CODE_SIGN_ENTITLEMENTS = "AllAboutOlaf/All About Olaf.entitlements";
				"CODE_SIGN_IDENTITY[sdk=iphoneos*]" = "iPhone Distribution: Hawken Rives (TMK6S7TPX2)";
				CODE_SIGN_STYLE = Manual;
				DEAD_CODE_STRIPPING = NO;
				DEVELOPMENT_TEAM = TMK6S7TPX2;
				ENABLE_TESTABILITY = YES;
				HEADER_SEARCH_PATHS = (
					"$(inherited)",
					/Applications/Xcode.app/Contents/Developer/Toolchains/XcodeDefault.xctoolchain/usr/include,
					"$(SRCROOT)/../node_modules/react-native/React/**",
					"$(SRCROOT)/../node_modules/react-native/ReactCommon/**",
					"$(SRCROOT)/../node_modules/react-native-keychain/RNKeychainManager",
					"$(SRCROOT)/../node_modules/react-native-vector-icons/RNVectorIconsManager",
					"$(SRCROOT)/../node_modules/react-native-onesignal/**",
					"$(SRCROOT)/../node_modules/react-native-device-info/RNDeviceInfo",
					"$(SRCROOT)/../node_modules/react-native-google-analytics-bridge/ios/RCTGoogleAnalyticsBridge/**",
					"$(SRCROOT)/../node_modules/react-native-onesignal/ios/**",
					"$(SRCROOT)/../node_modules/react-native-safari-view",
					"$(SRCROOT)/../node_modules/react-native-custom-tabs/ios/ReactNativeCustomTabs",
					"$(SRCROOT)/../node_modules/react-native-linear-gradient/BVLinearGradient",
					"$(SRCROOT)/../node_modules/@hawkrives/react-native-search-bar",
					"$(SRCROOT)/../node_modules/bugsnag-react-native/cocoa/**",
					"$(SRCROOT)/../node_modules/react-native-maps/ios/**",
					"$(SRCROOT)/../node_modules/react-native-network-info/ios",
					"$(SRCROOT)/../node_modules/react-native-restart/ios/RCTRestart",
					"$(SRCROOT)/../node_modules/react-native-calendar-events",
				);
				INFOPLIST_FILE = AllAboutOlaf/Info.plist;
				LD_RUNPATH_SEARCH_PATHS = "$(inherited) @executable_path/Frameworks";
				OTHER_LDFLAGS = (
					"$(inherited)",
					"-ObjC",
					"-lc++",
				);
				PRODUCT_BUNDLE_IDENTIFIER = NFMTHAZVS9.com.drewvolz.stolaf;
				PRODUCT_NAME = AllAboutOlaf;
				PROVISIONING_PROFILE = "1519411d-0c35-4ef5-b2f9-d7524a9f28f3";
				PROVISIONING_PROFILE_SPECIFIER = "match AdHoc NFMTHAZVS9.com.drewvolz.stolaf";
				SWIFT_OBJC_BRIDGING_HEADER = "AllAboutOlafUITests/AllAboutOlaf-Bridging-Header.h";
				SWIFT_OPTIMIZATION_LEVEL = "-Onone";
				SWIFT_VERSION = 3.0;
				TARGETED_DEVICE_FAMILY = "1,2";
			};
			name = Debug;
		};
		13B07F951A680F5B00A75B9A /* Release */ = {
			isa = XCBuildConfiguration;
			buildSettings = {
				ASSETCATALOG_COMPILER_APPICON_NAME = AppIcon;
				CLANG_ENABLE_MODULES = YES;
				CODE_SIGN_ENTITLEMENTS = "AllAboutOlaf/All About Olaf.entitlements";
				"CODE_SIGN_IDENTITY[sdk=iphoneos*]" = "iPhone Distribution: Hawken Rives (TMK6S7TPX2)";
				CODE_SIGN_STYLE = Manual;
				DEVELOPMENT_TEAM = TMK6S7TPX2;
				HEADER_SEARCH_PATHS = (
					"$(inherited)",
					/Applications/Xcode.app/Contents/Developer/Toolchains/XcodeDefault.xctoolchain/usr/include,
					"$(SRCROOT)/../node_modules/react-native/React/**",
					"$(SRCROOT)/../node_modules/react-native/ReactCommon/**",
					"$(SRCROOT)/../node_modules/react-native-keychain/RNKeychainManager",
					"$(SRCROOT)/../node_modules/react-native-vector-icons/RNVectorIconsManager",
					"$(SRCROOT)/../node_modules/react-native-onesignal/**",
					"$(SRCROOT)/../node_modules/react-native-device-info/RNDeviceInfo",
					"$(SRCROOT)/../node_modules/react-native-google-analytics-bridge/ios/RCTGoogleAnalyticsBridge/**",
					"$(SRCROOT)/../node_modules/react-native-onesignal/ios/**",
					"$(SRCROOT)/../node_modules/react-native-safari-view",
					"$(SRCROOT)/../node_modules/react-native-custom-tabs/ios/ReactNativeCustomTabs",
					"$(SRCROOT)/../node_modules/react-native-linear-gradient/BVLinearGradient",
					"$(SRCROOT)/../node_modules/@hawkrives/react-native-search-bar",
					"$(SRCROOT)/../node_modules/bugsnag-react-native/cocoa/**",
					"$(SRCROOT)/../node_modules/react-native-maps/ios/**",
					"$(SRCROOT)/../node_modules/react-native-network-info/ios",
					"$(SRCROOT)/../node_modules/react-native-restart/ios/RCTRestart",
					"$(SRCROOT)/../node_modules/react-native-calendar-events",
				);
				INFOPLIST_FILE = AllAboutOlaf/Info.plist;
				LD_RUNPATH_SEARCH_PATHS = "$(inherited) @executable_path/Frameworks";
				OTHER_LDFLAGS = (
					"$(inherited)",
					"-ObjC",
					"-lc++",
				);
				PRODUCT_BUNDLE_IDENTIFIER = NFMTHAZVS9.com.drewvolz.stolaf;
				PRODUCT_NAME = AllAboutOlaf;
				PROVISIONING_PROFILE = "3dea0c24-d70a-4b26-b754-f41ac50c2358";
				PROVISIONING_PROFILE_SPECIFIER = "match AppStore NFMTHAZVS9.com.drewvolz.stolaf";
				SWIFT_OBJC_BRIDGING_HEADER = "AllAboutOlafUITests/AllAboutOlaf-Bridging-Header.h";
				SWIFT_VERSION = 3.0;
				TARGETED_DEVICE_FAMILY = "1,2";
			};
			name = Release;
		};
		83CBBA201A601CBA00E9B192 /* Debug */ = {
			isa = XCBuildConfiguration;
			buildSettings = {
				ALWAYS_SEARCH_USER_PATHS = NO;
				CLANG_CXX_LANGUAGE_STANDARD = "gnu++0x";
				CLANG_CXX_LIBRARY = "libc++";
				CLANG_ENABLE_MODULES = YES;
				CLANG_ENABLE_OBJC_ARC = YES;
				CLANG_WARN_BLOCK_CAPTURE_AUTORELEASING = YES;
				CLANG_WARN_BOOL_CONVERSION = YES;
				CLANG_WARN_COMMA = YES;
				CLANG_WARN_CONSTANT_CONVERSION = YES;
				CLANG_WARN_DIRECT_OBJC_ISA_USAGE = YES_ERROR;
				CLANG_WARN_EMPTY_BODY = YES;
				CLANG_WARN_ENUM_CONVERSION = YES;
				CLANG_WARN_INFINITE_RECURSION = YES;
				CLANG_WARN_INT_CONVERSION = YES;
				CLANG_WARN_NON_LITERAL_NULL_CONVERSION = YES;
				CLANG_WARN_OBJC_LITERAL_CONVERSION = YES;
				CLANG_WARN_OBJC_ROOT_CLASS = YES_ERROR;
				CLANG_WARN_RANGE_LOOP_ANALYSIS = YES;
				CLANG_WARN_STRICT_PROTOTYPES = YES;
				CLANG_WARN_SUSPICIOUS_MOVE = YES;
				CLANG_WARN_UNREACHABLE_CODE = YES;
				CLANG_WARN__DUPLICATE_METHOD_MATCH = YES;
				"CODE_SIGN_IDENTITY[sdk=iphoneos*]" = "iPhone Developer";
				COPY_PHASE_STRIP = NO;
				CURRENT_PROJECT_VERSION = 16;
				ENABLE_STRICT_OBJC_MSGSEND = YES;
				ENABLE_TESTABILITY = YES;
				GCC_C_LANGUAGE_STANDARD = gnu99;
				GCC_DYNAMIC_NO_PIC = NO;
				GCC_NO_COMMON_BLOCKS = YES;
				GCC_OPTIMIZATION_LEVEL = 0;
				GCC_PREPROCESSOR_DEFINITIONS = (
					"DEBUG=1",
					"$(inherited)",
				);
				GCC_SYMBOLS_PRIVATE_EXTERN = NO;
				GCC_WARN_64_TO_32_BIT_CONVERSION = YES;
				GCC_WARN_ABOUT_RETURN_TYPE = YES_ERROR;
				GCC_WARN_UNDECLARED_SELECTOR = YES;
				GCC_WARN_UNINITIALIZED_AUTOS = YES_AGGRESSIVE;
				GCC_WARN_UNUSED_FUNCTION = YES;
				GCC_WARN_UNUSED_VARIABLE = YES;
				HEADER_SEARCH_PATHS = (
					"$(inherited)",
					/Applications/Xcode.app/Contents/Developer/Toolchains/XcodeDefault.xctoolchain/usr/include,
					"$(SRCROOT)/../node_modules/react-native/React/**",
					"$(SRCROOT)/../node_modules/react-native-keychain/RNKeychainManager",
					"$(SRCROOT)/../node_modules/react-native-vector-icons/RNVectorIconsManager",
					"$(SRCROOT)/../node_modules/react-native-device-info/RNDeviceInfo",
					"$(SRCROOT)/../node_modules/react-native-google-analytics-bridge/ios/RCTGoogleAnalyticsBridge/**",
					"$(SRCROOT)/../node_modules/react-native-onesignal/ios/**",
					"$(SRCROOT)/../node_modules/react-native-safari-view",
					"$(SRCROOT)/../node_modules/react-native-custom-tabs/ios/ReactNativeCustomTabs",
				);
				IPHONEOS_DEPLOYMENT_TARGET = 8.2;
				MTL_ENABLE_DEBUG_INFO = YES;
				ONLY_ACTIVE_ARCH = YES;
				SDKROOT = iphoneos;
				VERSIONING_SYSTEM = "apple-generic";
			};
			name = Debug;
		};
		83CBBA211A601CBA00E9B192 /* Release */ = {
			isa = XCBuildConfiguration;
			buildSettings = {
				ALWAYS_SEARCH_USER_PATHS = NO;
				CLANG_CXX_LANGUAGE_STANDARD = "gnu++0x";
				CLANG_CXX_LIBRARY = "libc++";
				CLANG_ENABLE_MODULES = YES;
				CLANG_ENABLE_OBJC_ARC = YES;
				CLANG_WARN_BLOCK_CAPTURE_AUTORELEASING = YES;
				CLANG_WARN_BOOL_CONVERSION = YES;
				CLANG_WARN_COMMA = YES;
				CLANG_WARN_CONSTANT_CONVERSION = YES;
				CLANG_WARN_DIRECT_OBJC_ISA_USAGE = YES_ERROR;
				CLANG_WARN_EMPTY_BODY = YES;
				CLANG_WARN_ENUM_CONVERSION = YES;
				CLANG_WARN_INFINITE_RECURSION = YES;
				CLANG_WARN_INT_CONVERSION = YES;
				CLANG_WARN_NON_LITERAL_NULL_CONVERSION = YES;
				CLANG_WARN_OBJC_LITERAL_CONVERSION = YES;
				CLANG_WARN_OBJC_ROOT_CLASS = YES_ERROR;
				CLANG_WARN_RANGE_LOOP_ANALYSIS = YES;
				CLANG_WARN_STRICT_PROTOTYPES = YES;
				CLANG_WARN_SUSPICIOUS_MOVE = YES;
				CLANG_WARN_UNREACHABLE_CODE = YES;
				CLANG_WARN__DUPLICATE_METHOD_MATCH = YES;
				"CODE_SIGN_IDENTITY[sdk=iphoneos*]" = "iPhone Developer";
				COPY_PHASE_STRIP = YES;
				CURRENT_PROJECT_VERSION = 16;
				ENABLE_NS_ASSERTIONS = NO;
				ENABLE_STRICT_OBJC_MSGSEND = YES;
				GCC_C_LANGUAGE_STANDARD = gnu99;
				GCC_NO_COMMON_BLOCKS = YES;
				GCC_WARN_64_TO_32_BIT_CONVERSION = YES;
				GCC_WARN_ABOUT_RETURN_TYPE = YES_ERROR;
				GCC_WARN_UNDECLARED_SELECTOR = YES;
				GCC_WARN_UNINITIALIZED_AUTOS = YES_AGGRESSIVE;
				GCC_WARN_UNUSED_FUNCTION = YES;
				GCC_WARN_UNUSED_VARIABLE = YES;
				HEADER_SEARCH_PATHS = (
					"$(inherited)",
					/Applications/Xcode.app/Contents/Developer/Toolchains/XcodeDefault.xctoolchain/usr/include,
					"$(SRCROOT)/../node_modules/react-native/React/**",
					"$(SRCROOT)/../node_modules/react-native-keychain/RNKeychainManager",
					"$(SRCROOT)/../node_modules/react-native-vector-icons/RNVectorIconsManager",
					"$(SRCROOT)/../node_modules/react-native-device-info/RNDeviceInfo",
					"$(SRCROOT)/../node_modules/react-native-google-analytics-bridge/ios/RCTGoogleAnalyticsBridge/**",
					"$(SRCROOT)/../node_modules/react-native-onesignal/ios/**",
					"$(SRCROOT)/../node_modules/react-native-safari-view",
					"$(SRCROOT)/../node_modules/react-native-custom-tabs/ios/ReactNativeCustomTabs",
				);
				IPHONEOS_DEPLOYMENT_TARGET = 8.2;
				MTL_ENABLE_DEBUG_INFO = NO;
				SDKROOT = iphoneos;
				SWIFT_OPTIMIZATION_LEVEL = "-Owholemodule";
				VALIDATE_PRODUCT = YES;
				VERSIONING_SYSTEM = "apple-generic";
			};
			name = Release;
		};
/* End XCBuildConfiguration section */

/* Begin XCConfigurationList section */
		00D33BFF1DDA58A8001E830E /* Build configuration list for PBXNativeTarget "AllAboutOlafUITests" */ = {
			isa = XCConfigurationList;
			buildConfigurations = (
				00D33BE61DDA58A8001E830E /* Debug */,
				00D33BE71DDA58A8001E830E /* Release */,
			);
			defaultConfigurationIsVisible = 0;
			defaultConfigurationName = Release;
		};
		13B07F931A680F5B00A75B9A /* Build configuration list for PBXNativeTarget "AllAboutOlaf" */ = {
			isa = XCConfigurationList;
			buildConfigurations = (
				13B07F941A680F5B00A75B9A /* Debug */,
				13B07F951A680F5B00A75B9A /* Release */,
			);
			defaultConfigurationIsVisible = 0;
			defaultConfigurationName = Release;
		};
		83CBB9FA1A601CBA00E9B192 /* Build configuration list for PBXProject "AllAboutOlaf" */ = {
			isa = XCConfigurationList;
			buildConfigurations = (
				83CBBA201A601CBA00E9B192 /* Debug */,
				83CBBA211A601CBA00E9B192 /* Release */,
			);
			defaultConfigurationIsVisible = 0;
			defaultConfigurationName = Release;
		};
/* End XCConfigurationList section */
	};
	rootObject = 83CBB9F71A601CBA00E9B192 /* Project object */;
}
