{
  "originHash" : "57834e77e4dbc45088109bc433f338ad1ed16d1147c4f845cf4c9ab5821cf62d",
  "pins" : [
    {
      "identity" : "debugswift",
      "kind" : "remoteSourceControl",
      "location" : "https://github.com/DebugSwift/DebugSwift.git",
      "state" : {
        "revision" : "b85fd86581bc1b67710be82249d8aac2ef61b2f5",
        "version" : "1.19.0"
      }
    },
    {
      "identity" : "maplibre-gl-native-distribution",
      "kind" : "remoteSourceControl",
      "location" : "https://github.com/maplibre/maplibre-gl-native-distribution",
      "state" : {
        "revision" : "13e41ab3d77ff5113e7e5d4ee87803b1f81f5683",
        "version" : "6.31.0"
      }
    }
  ],
  "version" : 3
}
